{
  "name": "loomio-haraka",
  "lockfileVersion": 3,
  "requires": true,
  "packages": {
    "": {
      "name": "loomio-haraka",
      "dependencies": {
        "haraka": "3.3.2"
      }
    },
    "node_modules/@haraka/email-address": {
      "version": "3.1.6",
      "resolved": "https://registry.npmjs.org/@haraka/email-address/-/email-address-3.1.6.tgz",
      "integrity": "sha512-albuxbQSCI8x/67zgo0kUUUyxsrTV6irss2f21Kfjgb+T8RJXU5SzScJYwhR86zYpQFfrSF3bkzKV/dc8pOAPw==",
      "license": "MIT",
      "engines": {
        "node": ">=22"
      }
    },
    "node_modules/@haraka/ocsp": {
      "version": "1.2.0",
      "resolved": "https://registry.npmjs.org/@haraka/ocsp/-/ocsp-1.2.0.tgz",
      "integrity": "sha512-WP5zkFreAVk/p3fEFsa09h4QcQGf61I9M4/1md/UO/bxe1moFO3iAKaO9U81OsaANmb6qnQP4jgzx4znexetvw==",
      "license": "MIT",
      "optional": true,
      "dependencies": {
        "asn1.js": "^5.4.1",
        "asn1.js-rfc2560": "^5.0.1",
        "asn1.js-rfc5280": "^3.0.0"
      },
      "engines": {
        "node": ">=20"
      }
    },
    "node_modules/@isaacs/fs-minipass": {
      "version": "4.0.1",
      "resolved": "https://registry.npmjs.org/@isaacs/fs-minipass/-/fs-minipass-4.0.1.tgz",
      "integrity": "sha512-wgm9Ehl2jpeqP3zw/7mo3kRHFp5MEDhqAdwy1fTGkHAwnkGOVsgpvQhL8B5n1qlb01jV3n/bI0ZfZp5lWA1k4w==",
      "license": "ISC",
      "dependencies": {
        "minipass": "^7.0.4"
      },
      "engines": {
        "node": ">=18.0.0"
      }
    },
    "node_modules/@msimerson/stun": {
      "version": "3.2.1",
      "resolved": "https://registry.npmjs.org/@msimerson/stun/-/stun-3.2.1.tgz",
      "integrity": "sha512-y0+cPidpQPi+RLlXRDtUByeXenMHpsKSgbmLQuLneDSzlrLiHWfrZWWipjA11+0GGLWQEFYsp3JWh6wVzRZ5Eg==",
      "license": "MIT",
      "optional": true,
      "dependencies": {
        "binary-data": "^0.6.0",
        "ip2buf": "^2.0.0",
        "ipaddr.js": "^2.4.0",
        "turbo-crc32": "^1.0.1"
      },
      "bin": {
        "stun": "src/cli.js"
      },
      "engines": {
        "node": ">=20.0"
      }
    },
    "node_modules/@redis/bloom": {
      "version": "6.1.0",
      "resolved": "https://registry.npmjs.org/@redis/bloom/-/bloom-6.1.0.tgz",
      "integrity": "sha512-Rzascjd9J9bJsM45T/Z9CTg1QY/B63B6YO8QorLVMeXnbBDsKiSCVR/+GQ061hYPk8FpTzWmPY8tAv2sT+JEtQ==",
      "license": "MIT",
      "engines": {
        "node": ">= 20.0.0"
      },
      "peerDependencies": {
        "@redis/client": "^6.1.0"
      }
    },
    "node_modules/@redis/client": {
      "version": "6.1.0",
      "resolved": "https://registry.npmjs.org/@redis/client/-/client-6.1.0.tgz",
      "integrity": "sha512-7u1LefkezJF0HESlhO7ZFLEPfyY+NejP3SGv+Z4pGaT3oM5GVVLa0u3f4rDLUrcw+SRo8IlX9Y8JAONeDdg1Ag==",
      "license": "MIT",
      "dependencies": {
        "cluster-key-slot": "1.1.2"
      },
      "engines": {
        "node": ">= 20.0.0"
      },
      "peerDependencies": {
        "@node-rs/xxhash": "^1.1.0",
        "@opentelemetry/api": ">=1 <2"
      },
      "peerDependenciesMeta": {
        "@node-rs/xxhash": {
          "optional": true
        },
        "@opentelemetry/api": {
          "optional": true
        }
      }
    },
    "node_modules/@redis/json": {
      "version": "6.1.0",
      "resolved": "https://registry.npmjs.org/@redis/json/-/json-6.1.0.tgz",
      "integrity": "sha512-/GFjQA6bu5pG9ClCJAI5Xx4bNXe7UTpxBBlIupBNTrn1+nY860apGnYJuaSCDV2BmEbTidpa7O2qa28oxKx+rg==",
      "license": "MIT",
      "engines": {
        "node": ">= 20.0.0"
      },
      "peerDependencies": {
        "@redis/client": "^6.1.0"
      }
    },
    "node_modules/@redis/search": {
      "version": "6.1.0",
      "resolved": "https://registry.npmjs.org/@redis/search/-/search-6.1.0.tgz",
      "integrity": "sha512-kS5agg+3yZbrdrt8omrew7FLCD8eOm7tarG1CROekPBRe+QGDR9aOpnHIQaYsYi6wPRTH70nQiF06AIjgURefQ==",
      "license": "MIT",
      "engines": {
        "node": ">= 20.0.0"
      },
      "peerDependencies": {
        "@redis/client": "^6.1.0"
      }
    },
    "node_modules/@redis/time-series": {
      "version": "6.1.0",
      "resolved": "https://registry.npmjs.org/@redis/time-series/-/time-series-6.1.0.tgz",
      "integrity": "sha512-uIDBtV8MmG/xpJsRqbGSO4iX6ryj37MLMP82lRpFvI7ykAVe5GyqgxigEbU+uZNv9kDPNMKw3dvI/S/J1BNBzA==",
      "license": "MIT",
      "engines": {
        "node": ">= 20.0.0"
      },
      "peerDependencies": {
        "@redis/client": "^6.1.0"
      }
    },
    "node_modules/abbrev": {
      "version": "5.0.0",
      "resolved": "https://registry.npmjs.org/abbrev/-/abbrev-5.0.0.tgz",
      "integrity": "sha512-/XrFJgzQQQHpti1raDJC6m4ws6aNktmjBlhk8Fdlk7LwCEuDoieEJJY9OFHjfiFJFFRM2tK+Ky/IsfbbmlMu1w==",
      "license": "ISC",
      "engines": {
        "node": "^22.22.2 || ^24.15.0 || >=26.0.0"
      }
    },
    "node_modules/asn1.js": {
      "version": "5.4.1",
      "resolved": "https://registry.npmjs.org/asn1.js/-/asn1.js-5.4.1.tgz",
      "integrity": "sha512-+I//4cYPccV8LdmBLiX8CYvf9Sp3vQsrqu2QNXRcrbiWvcx/UdlFiqUJJzxRQxgsZmvhXhn4cSKeSmoFjVdupA==",
      "license": "MIT",
      "optional": true,
      "dependencies": {
        "bn.js": "^4.0.0",
        "inherits": "^2.0.1",
        "minimalistic-assert": "^1.0.0",
        "safer-buffer": "^2.1.0"
      }
    },
    "node_modules/asn1.js-rfc2560": {
      "version": "5.0.1",
      "resolved": "https://registry.npmjs.org/asn1.js-rfc2560/-/asn1.js-rfc2560-5.0.1.tgz",
      "integrity": "sha512-1PrVg6kuBziDN3PGFmRk3QrjpKvP9h/Hv5yMrFZvC1kpzP6dQRzf5BpKstANqHBkaOUmTpakJWhicTATOA/SbA==",
      "license": "MIT",
      "optional": true,
      "dependencies": {
        "asn1.js-rfc5280": "^3.0.0"
      },
      "peerDependencies": {
        "asn1.js": "^5.0.0"
      }
    },
    "node_modules/asn1.js-rfc5280": {
      "version": "3.0.0",
      "resolved": "https://registry.npmjs.org/asn1.js-rfc5280/-/asn1.js-rfc5280-3.0.0.tgz",
      "integrity": "sha512-Y2LZPOWeZ6qehv698ZgOGGCZXBQShObWnGthTrIFlIQjuV1gg2B8QOhWFRExq/MR1VnPpIIe7P9vX2vElxv+Pg==",
      "license": "MIT",
      "optional": true,
      "dependencies": {
        "asn1.js": "^5.0.0"
      }
    },
    "node_modules/binary-data": {
      "version": "0.6.0",
      "resolved": "https://registry.npmjs.org/binary-data/-/binary-data-0.6.0.tgz",
      "integrity": "sha512-HGiT0ir03tS1u7iWdW5xjJfbPpvxH2qJbPFxXW0I3P5iOzkbjN/cJy5GlpAwmjHW5CiayGOxZ/ytLzXmYgdgqQ==",
      "license": "MIT",
      "optional": true,
      "dependencies": {
        "generate-function": "^2.3.1",
        "is-plain-object": "^2.0.3"
      },
      "engines": {
        "node": ">=6"
      }
    },
    "node_modules/bn.js": {
      "version": "4.12.5",
      "resolved": "https://registry.npmjs.org/bn.js/-/bn.js-4.12.5.tgz",
      "integrity": "sha512-3aRg6/JxfffFD+OlOjOFR3Vo79l39ooBTFucxx+MT3dhCtzn3EmiUPQo+6/OZuI2jbXi3YKgmiTFBgChQMwIRQ==",
      "license": "MIT",
      "optional": true
    },
    "node_modules/chownr": {
      "version": "3.0.0",
      "resolved": "https://registry.npmjs.org/chownr/-/chownr-3.0.0.tgz",
      "integrity": "sha512-+IxzY9BZOQd/XuYPRmrvEVjF/nqj5kgT4kEq7VofrDoM1MxoRjEWkrCC3EtLi59TVawxTAn+orJwFQcrqEN1+g==",
      "license": "BlueOak-1.0.0",
      "engines": {
        "node": ">=18"
      }
    },
    "node_modules/cluster-key-slot": {
      "version": "1.1.2",
      "resolved": "https://registry.npmjs.org/cluster-key-slot/-/cluster-key-slot-1.1.2.tgz",
      "integrity": "sha512-RMr0FhtfXemyinomL4hrWcYJxmX6deFdCxpJzhDttxgO1+bcCnkk+9drydLVDmAMG7NE6aN/fl4F7ucU/90gAA==",
      "license": "Apache-2.0",
      "engines": {
        "node": ">=0.10.0"
      }
    },
    "node_modules/encoding-japanese": {
      "version": "2.2.0",
      "resolved": "https://registry.npmjs.org/encoding-japanese/-/encoding-japanese-2.2.0.tgz",
      "integrity": "sha512-EuJWwlHPZ1LbADuKTClvHtwbaFn4rOD+dRAbWysqEOXRc2Uui0hJInNJrsdH0c+OhJA4nrCBdSkW4DD5YxAo6A==",
      "license": "MIT",
      "engines": {
        "node": ">=8.10.0"
      }
    },
    "node_modules/env-paths": {
      "version": "2.2.1",
      "resolved": "https://registry.npmjs.org/env-paths/-/env-paths-2.2.1.tgz",
      "integrity": "sha512-+h1lkLKhZMTYjog1VEpJNG7NZJWcuc2DDk/qsqSTRRCOXiLjeQ1d1/udrUGhqMxUgAlwKNZ0cf2uqan5GLuS2A==",
      "license": "MIT",
      "engines": {
        "node": ">=6"
      }
    },
    "node_modules/exponential-backoff": {
      "version": "3.1.3",
      "resolved": "https://registry.npmjs.org/exponential-backoff/-/exponential-backoff-3.1.3.tgz",
      "integrity": "sha512-ZgEeZXj30q+I0EN+CbSSpIyPaJ5HVQD18Z1m+u1FXbAeT94mr1zw50q4q6jiiC447Nl/YTcIYSAftiGqetwXCA==",
      "license": "Apache-2.0"
    },
    "node_modules/fdir": {
      "version": "6.5.0",
      "resolved": "https://registry.npmjs.org/fdir/-/fdir-6.5.0.tgz",
      "integrity": "sha512-tIbYtZbucOs0BRGqPJkshJUYdL+SDH7dVM8gjy+ERp3WAUjLEFJE+02kanyHtwjWOnwrKYBiwAmM0p4kLJAnXg==",
      "license": "MIT",
      "engines": {
        "node": ">=12.0.0"
      },
      "peerDependencies": {
        "picomatch": "^3 || ^4"
      },
      "peerDependenciesMeta": {
        "picomatch": {
          "optional": true
        }
      }
    },
    "node_modules/generate-function": {
      "version": "2.3.1",
      "resolved": "https://registry.npmjs.org/generate-function/-/generate-function-2.3.1.tgz",
      "integrity": "sha512-eeB5GfMNeevm/GRYq20ShmsaGcmI81kIX2K9XQx5miC8KdHaC6Jm0qQ8ZNeGOi7wYB8OsdxKs+Y2oVuTFuVwKQ==",
      "license": "MIT",
      "optional": true,
      "dependencies": {
        "is-property": "^1.0.2"
      }
    },
    "node_modules/graceful-fs": {
      "version": "4.2.11",
      "resolved": "https://registry.npmjs.org/graceful-fs/-/graceful-fs-4.2.11.tgz",
      "integrity": "sha512-RbJ5/jmFcNNCcDV5o9eTnBLJ/HszWV0P73bc+Ff4nS/rJj+YaS6IGyiOL0VoBYX+l1Wrl3k63h/KrH+nhJ0XvQ==",
      "license": "ISC"
    },
    "node_modules/haraka": {
      "version": "3.3.2",
      "resolved": "https://registry.npmjs.org/haraka/-/haraka-3.3.2.tgz",
      "integrity": "sha512-rTgVvXdCfBvWmWVowyoRLRdntv7n7dMWGqwRs1dO2Gm6RCMZs9JV10QXcAdJ6hf4Drcc+d6lotxJoytNrpcNdw==",
      "license": "MIT",
      "dependencies": {
        "@haraka/email-address": "~3.1.6",
        "haraka-config": "~1.6.3",
        "haraka-constants": "~1.0.8",
        "haraka-dsn": "~1.2.1",
        "haraka-email-message": "~1.4.1",
        "haraka-net-utils": "~1.9.2",
        "haraka-notes": "~1.1.3",
        "haraka-plugin-redis": "~2.1.0",
        "haraka-results": "~2.4.0",
        "haraka-tld": "~1.3.6",
        "haraka-utils": "~2.2.1",
        "ipaddr.js": "~2.4.0",
        "node-gyp": "~13.0.1",
        "nopt": "~10.0.1",
        "redis": "~6.1.0",
        "semver": "~7.8.5"
      },
      "bin": {
        "haraka": "bin/haraka",
        "haraka_grep": "bin/haraka_grep"
      },
      "engines": {
        "node": ">=20"
      },
      "optionalDependencies": {
        "@haraka/ocsp": "~1.2.0",
        "haraka-plugin-access": "~1.4.0",
        "haraka-plugin-aliases": "~1.1.0",
        "haraka-plugin-asn": "~2.2.0",
        "haraka-plugin-attachment": "~1.2.1",
        "haraka-plugin-bounce": "~2.2.1",
        "haraka-plugin-clamd": "~1.0.6",
        "haraka-plugin-dcc": "~1.1.1",
        "haraka-plugin-dkim": "~1.2.0",
        "haraka-plugin-dns-list": "~1.3.0",
        "haraka-plugin-early_talker": "~1.0.2",
        "haraka-plugin-fcrdns": "~1.2.1",
        "haraka-plugin-geoip": "~1.1.2",
        "haraka-plugin-greylist": "~1.2.1",
        "haraka-plugin-headers": "~1.2.0",
        "haraka-plugin-helo.checks": "~1.1.3",
        "haraka-plugin-karma": "~2.5.2",
        "haraka-plugin-known-senders": "~1.2.0",
        "haraka-plugin-limit": "~1.3.2",
        "haraka-plugin-mail_from.is_resolvable": "~1.3.0",
        "haraka-plugin-messagesniffer": "~1.0.2",
        "haraka-plugin-qmail-deliverable": "~1.4.0",
        "haraka-plugin-relay": "~1.0.2",
        "haraka-plugin-rspamd": "~1.6.1",
        "haraka-plugin-spamassassin": "~1.1.2",
        "haraka-plugin-spf": "~1.3.0",
        "haraka-plugin-syslog": "~1.1.2",
        "haraka-plugin-uribl": "~2.0.0"
      }
    },
    "node_modules/haraka-config": {
      "version": "1.6.3",
      "resolved": "https://registry.npmjs.org/haraka-config/-/haraka-config-1.6.3.tgz",
      "integrity": "sha512-UhfnaTLzNSzK5g+dSumi3LSZCMxany6MrSizqDheEnJX7mkczvu+nQua4JKt31AWg/o4LoTGn7GPY83znnZiQQ==",
      "license": "MIT",
      "dependencies": {
        "yaml": "^2.9.0"
      },
      "engines": {
        "node": ">=20"
      },
      "optionalDependencies": {
        "hjson": "^3.2.2"
      }
    },
    "node_modules/haraka-constants": {
      "version": "1.0.8",
      "resolved": "https://registry.npmjs.org/haraka-constants/-/haraka-constants-1.0.8.tgz",
      "integrity": "sha512-KqVy59yZJ/z7l6UZsb+o6D8CDj3jLuWlpwsQvmrf+MpClAL6Bdxh4NiqzYHhqpXrDI0Vm731ofcTTtbANdLwSQ==",
      "license": "MIT",
      "engines": {
        "node": ">= 18"
      }
    },
    "node_modules/haraka-dsn": {
      "version": "1.2.1",
      "resolved": "https://registry.npmjs.org/haraka-dsn/-/haraka-dsn-1.2.1.tgz",
      "integrity": "sha512-DJfkPdjeKvcO0uHSVR6wR+6V9uu8NsVDfoe2StrBK2vut9GbkLFNCW/EKZ0bGDzG3szV4tmNwivS1PtmQdJK8A==",
      "license": "MIT",
      "dependencies": {
        "haraka-utils": "^2.2.0"
      },
      "engines": {
        "node": ">= v14.0.0"
      }
    },
    "node_modules/haraka-email-message": {
      "version": "1.4.1",
      "resolved": "https://registry.npmjs.org/haraka-email-message/-/haraka-email-message-1.4.1.tgz",
      "integrity": "sha512-MVlyKBSkWvnHhswd5uiEFkz439Oc4Wf0tjYNz4n0BcUHfIwA4IiXuoa6EJ2xK5O9au5U1I7Lt4hPqcczMSSbDw==",
      "license": "MIT",
      "dependencies": {
        "@haraka/email-address": "^3.1.5",
        "haraka-config": "^1.6.2",
        "haraka-message-stream": "^2.0.6",
        "iconv-lite": "^0.7.2",
        "libmime": "^5.3.8",
        "libqp": "^2.1.1"
      }
    },
    "node_modules/haraka-email-message/node_modules/haraka-message-stream": {
      "version": "2.0.6",
      "resolved": "https://registry.npmjs.org/haraka-message-stream/-/haraka-message-stream-2.0.6.tgz",
      "integrity": "sha512-M6Vr3bMwBnnqCSZiuhrU3P3bHWbISfiJkKFKDtQrOaROi3tnWzzVbATCH3nRgOQwvWJbwbrwOh6YmUowxGldVg==",
      "license": "MIT"
    },
    "node_modules/haraka-net-utils": {
      "version": "1.9.2",
      "resolved": "https://registry.npmjs.org/haraka-net-utils/-/haraka-net-utils-1.9.2.tgz",
      "integrity": "sha512-58XBsAajGHo0ZGNvdHNfxHEYpGIFrSB81Ay9b2tVZ9epXfQoreeSP6bsaejNZaTI8+n5zn6J+UP+kC5QjK8OgQ==",
      "license": "MIT",
      "dependencies": {
        "haraka-config": "^1.6.2",
        "haraka-tld": "^1.3.5",
        "ipaddr.js": "^2.4.0"
      },
      "engines": {
        "node": ">= v18.0.0"
      },
      "optionalDependencies": {
        "@msimerson/stun": "^3.2.1"
      }
    },
    "node_modules/haraka-notes": {
      "version": "1.1.3",
      "resolved": "https://registry.npmjs.org/haraka-notes/-/haraka-notes-1.1.3.tgz",
      "integrity": "sha512-6BNPOW49G9IV9yC4gqW7FIsqM0PPsG9VG55/OtFBtG4SiJzzhowTSLk0LNxn6OUIQP7F+6Wy95dN5aIvL3ygVQ==",
      "license": "MIT"
    },
    "node_modules/haraka-plugin-access": {
      "version": "1.4.0",
      "resolved": "https://registry.npmjs.org/haraka-plugin-access/-/haraka-plugin-access-1.4.0.tgz",
      "integrity": "sha512-KUUUql99ENBKkV3WVXLLtv3x0d89HrcU8cQWCBWvtX60lHYDlbhuHYf85czvj/ick/GIVKvBRnNZMNxi1C/LYw==",
      "license": "MIT",
      "optional": true,
      "dependencies": {
        "@haraka/email-address": "~3.1.5",
        "haraka-net-utils": "~1.9.0",
        "haraka-tld": "~1.3.5",
        "haraka-utils": "~2.1.0"
      }
    },
    "node_modules/haraka-plugin-access/node_modules/haraka-utils": {
      "version": "2.1.1",
      "resolved": "https://registry.npmjs.org/haraka-utils/-/haraka-utils-2.1.1.tgz",
      "integrity": "sha512-gfCmsozf+LkFfcFfpraolXtR6JlzCuoIYFM4recwvMzb9ha4iURlP93pwT2QU4ERpsTCBGnq2zKsrulXxPDDQw==",
      "license": "MIT",
      "optional": true
    },
    "node_modules/haraka-plugin-aliases": {
      "version": "1.1.0",
      "resolved": "https://registry.npmjs.org/haraka-plugin-aliases/-/haraka-plugin-aliases-1.1.0.tgz",
      "integrity": "sha512-/Z74x94nC5aP/JO2shQbZ05Wqmuudh496MXfuPnRflFAQXLIJcw4Y8H/x6oujcyeEpHP74mjHnQh787hvSZdsg==",
      "license": "MIT",
      "optional": true,
      "dependencies": {
        "@haraka/email-address": "~3.1.4"
      }
    },
    "node_modules/haraka-plugin-asn": {
      "version": "2.2.0",
      "resolved": "https://registry.npmjs.org/haraka-plugin-asn/-/haraka-plugin-asn-2.2.0.tgz",
      "integrity": "sha512-/0eemivOAyYR1UFxLWBi1SY5U8/YEqxgsrhTMd75VG+hlKwX1LWUBeWPmpWj9ekmhed3u5tIDJLk0Y1MD4RAQg==",
      "license": "MIT",
      "optional": true,
      "dependencies": {
        "maxmind": "^5.0.6"
      }
    },
    "node_modules/haraka-plugin-attachment": {
      "version": "1.2.1",
      "resolved": "https://registry.npmjs.org/haraka-plugin-attachment/-/haraka-plugin-attachment-1.2.1.tgz",
      "integrity": "sha512-J/0gDK0wHC98JxmpmqVF3PhV9nMReFyhjYNBoT5fKzicmRtYneHRTjIVTu8I2q8p3S+NuFiINJHFKX15MhEkLQ==",
      "license": "MIT",
      "optional": true,
      "dependencies": {
        "haraka-constants": "^1.0.7",
        "haraka-utils": "^2.0.0",
        "tmp": "^0.2.5"
      },
      "engines": {
        "node": ">= 16"
      }
    },
    "node_modules/haraka-plugin-bounce": {
      "version": "2.2.1",
      "resolved": "https://registry.npmjs.org/haraka-plugin-bounce/-/haraka-plugin-bounce-2.2.1.tgz",
      "integrity": "sha512-cCajyyRLiAV3nN5DCDsBzxOLPev2nA1gzg3gvvP22Sdqr3564lFyrn4Tibre2ncG5V149sJCKe28ZzCq0AEIhg==",
      "license": "MIT",
      "optional": true,
      "dependencies": {
        "@haraka/email-address": "^3.1.6",
        "haraka-net-utils": "^1.9.2",
        "haraka-plugin-spf": "^1.3.0"
      }
    },
    "node_modules/haraka-plugin-clamd": {
      "version": "1.0.6",
      "resolved": "https://registry.npmjs.org/haraka-plugin-clamd/-/haraka-plugin-clamd-1.0.6.tgz",
      "integrity": "sha512-zbPAVQyLKRHF1UtcEO8nm7xRAACN42hqYENQd48j/NxLjkIPQyIhk2LlzMOONq80ngi+QlzwL3zX7gm0cKY0YA==",
      "license": "MIT",
      "optional": true,
      "dependencies": {
        "haraka-net-utils": "^1.9.2",
        "haraka-utils": "^2.2.1"
      }
    },
    "node_modules/haraka-plugin-dcc": {
      "version": "1.1.1",
      "resolved": "https://registry.npmjs.org/haraka-plugin-dcc/-/haraka-plugin-dcc-1.1.1.tgz",
      "integrity": "sha512-mZKYthRh2fA27+AHwgNus5lr9rKYXtk4p+twCyISjIrHTmGUex2KMLo6O1qFBTKutQujnhcL3iG3srrDrFkCug==",
      "license": "MIT",
      "optional": true
    },
    "node_modules/haraka-plugin-dkim": {
      "version": "1.2.0",
      "resolved": "https://registry.npmjs.org/haraka-plugin-dkim/-/haraka-plugin-dkim-1.2.0.tgz",
      "integrity": "sha512-dX4sYQByabKkEmjTVXjBb3Oql/Upp+iMV+kiSDhcxwjmWUfjRjNR/kN+qxHmBHOvQhAXr2iQvRaSSAdYAdIwXQ==",
      "license": "MIT",
      "optional": true,
      "dependencies": {
        "@haraka/email-address": "^3.1.4",
        "haraka-email-message": "^1.3.3",
        "haraka-utils": "^2.0.0",
        "nopt": "^10.0.0"
      },
      "bin": {
        "dkim_key_gen.sh": "config/dkim_key_gen.sh",
        "dkimverify": "bin/dkimverify"
      }
    },
    "node_modules/haraka-plugin-dns-list": {
      "version": "1.3.0",
      "resolved": "https://registry.npmjs.org/haraka-plugin-dns-list/-/haraka-plugin-dns-list-1.3.0.tgz",
      "integrity": "sha512-uEvY7kVs+eroeLZndRvp2RvMyOE0K57xXUUO6yL/reX+Q1k31gYwNRKeOldop9SQcghoToZfGd5EYk8jVbKyfw==",
      "license": "MIT",
      "optional": true,
      "dependencies": {
        "haraka-net-utils": "^1.8.2"
      }
    },
    "node_modules/haraka-plugin-early_talker": {
      "version": "1.0.2",
      "resolved": "https://registry.npmjs.org/haraka-plugin-early_talker/-/haraka-plugin-early_talker-1.0.2.tgz",
      "integrity": "sha512-rQfsx4WisY3ba+0OJiLBvD7IeDl7x1vhjSOGRiN6PFZX0o2DWG3nM2n/x0Cb9oI5QV3G5taPzpt3MKPGIEiC0g==",
      "license": "MIT",
      "optional": true,
      "dependencies": {
        "ipaddr.js": "^2.2.0"
      }
    },
    "node_modules/haraka-plugin-fcrdns": {
      "version": "1.2.1",
      "resolved": "https://registry.npmjs.org/haraka-plugin-fcrdns/-/haraka-plugin-fcrdns-1.2.1.tgz",
      "integrity": "sha512-VfsMFcgr/gHpYeEWUgGvmoLbJ5jswK0d/6CRg9sxRqwl56Sw5NVbCKBY6ipO9fDyEJ4YfXSzOeVQnG4e7U1tcA==",
      "license": "MIT",
      "optional": true,
      "dependencies": {
        "haraka-constants": "^1.0.8",
        "haraka-net-utils": "^1.9.0",
        "haraka-tld": "^1.3.5"
      }
    },
    "node_modules/haraka-plugin-geoip": {
      "version": "1.1.2",
      "resolved": "https://registry.npmjs.org/haraka-plugin-geoip/-/haraka-plugin-geoip-1.1.2.tgz",
      "integrity": "sha512-4+PmQRXD9V1WIYtle2k0Pb/ldfpSKvxc504r7kb5DwJEzwnABw1n177H9gz6oBfc16QihwRrX3mUwndIGapsRQ==",
      "license": "MIT",
      "optional": true,
      "dependencies": {
        "haraka-net-utils": "^1.7.2",
        "maxmind": "^5.0.5"
      },
      "engines": {
        "node": ">=20"
      }
    },
    "node_modules/haraka-plugin-greylist": {
      "version": "1.2.1",
      "resolved": "https://registry.npmjs.org/haraka-plugin-greylist/-/haraka-plugin-greylist-1.2.1.tgz",
      "integrity": "sha512-MizI8JUQ27OmNOreXe4BGb0bRzhfKpJIfsEvFd0ua5GBDS4Qq4EyqgwCWGFsMpyfZFdy3FdeNMG7VQ8WK7n3hg==",
      "license": "MIT",
      "optional": true,
      "dependencies": {
        "@haraka/email-address": "^3.1.4",
        "haraka-dsn": "^1.2.0",
        "haraka-net-utils": "^1.8.2",
        "haraka-plugin-redis": "^2.0.11",
        "haraka-tld": "^1.3.4",
        "ipaddr.js": "^2.4.0"
      }
    },
    "node_modules/haraka-plugin-headers": {
      "version": "1.2.0",
      "resolved": "https://registry.npmjs.org/haraka-plugin-headers/-/haraka-plugin-headers-1.2.0.tgz",
      "integrity": "sha512-sWiHaKkt1CVfIZqO5s2XSrNvbvOiCQsNaf6+OZxXb7GeYCvhI08eE695pehX/9RqIOgduP1j0tFAQaiReL/RSw==",
      "license": "MIT",
      "optional": true,
      "dependencies": {
        "@haraka/email-address": "^3.1.4",
        "haraka-tld": "^1.3.4"
      }
    },
    "node_modules/haraka-plugin-helo.checks": {
      "version": "1.1.3",
      "resolved": "https://registry.npmjs.org/haraka-plugin-helo.checks/-/haraka-plugin-helo.checks-1.1.3.tgz",
      "integrity": "sha512-l4CfMMioJ/YU73rXmqnqZl+l3DVaquR5uLtD3HYiJpJddrMovDKoy8YzuN/mMmHXE/eOPnYeht1amuH4KkWv/A==",
      "license": "MIT",
      "optional": true,
      "dependencies": {
        "haraka-dsn": "^1.2.0",
        "haraka-net-utils": "^1.9.2",
        "haraka-tld": "^1.3.6",
        "haraka-utils": "^2.2.1"
      }
    },
    "node_modules/haraka-plugin-karma": {
      "version": "2.5.2",
      "resolved": "https://registry.npmjs.org/haraka-plugin-karma/-/haraka-plugin-karma-2.5.2.tgz",
      "integrity": "sha512-kK13dj+wKWG7GSFwduM29QnBrTusAhf2VkfE/CJ2dIpARIEAJuwbD6f8NeLc3pmuHnhq/bSUZTY6foArhLLMeA==",
      "license": "MIT",
      "optional": true,
      "dependencies": {
        "haraka-constants": "^1.0.8",
        "haraka-plugin-redis": "^2.1.0"
      }
    },
    "node_modules/haraka-plugin-known-senders": {
      "version": "1.2.0",
      "resolved": "https://registry.npmjs.org/haraka-plugin-known-senders/-/haraka-plugin-known-senders-1.2.0.tgz",
      "integrity": "sha512-Ri+xVZ4Oos0XO1Raw0/bAHA3i2fpCgAohmNZ6uxiwbwk8j6CbQ6zFyHnGdSwE18iNynHvegSeGgqAF3yYf14OQ==",
      "license": "MIT",
      "optional": true,
      "dependencies": {
        "haraka-plugin-redis": "^2.0.11",
        "haraka-tld": "^1.3.4"
      }
    },
    "node_modules/haraka-plugin-limit": {
      "version": "1.3.2",
      "resolved": "https://registry.npmjs.org/haraka-plugin-limit/-/haraka-plugin-limit-1.3.2.tgz",
      "integrity": "sha512-ARD/5iUjEWfwYqzsyMEEnW1r5LFHq8jzCHll4R3lHexnsUD8/aREZR8SThzF8TTEIyRVnvkAp+OrTJQYz/0C1A==",
      "license": "MIT",
      "optional": true,
      "dependencies": {
        "haraka-constants": "^1.0.8",
        "haraka-plugin-redis": "^2.1.0",
        "ipaddr.js": "^2.4.0"
      }
    },
    "node_modules/haraka-plugin-mail_from.is_resolvable": {
      "version": "1.3.0",
      "resolved": "https://registry.npmjs.org/haraka-plugin-mail_from.is_resolvable/-/haraka-plugin-mail_from.is_resolvable-1.3.0.tgz",
      "integrity": "sha512-eE9H9x69HNmjxRZhTNmOHScwMwu3tUZVmRWmocL8S4itg5tWkRUC+7RTkhcMu6/B7YIC/uiYS49wixCgv8zu9w==",
      "license": "MIT",
      "optional": true,
      "dependencies": {
        "haraka-dsn": "^1.2.0",
        "haraka-net-utils": "^1.8.2"
      }
    },
    "node_modules/haraka-plugin-messagesniffer": {
      "version": "1.0.2",
      "resolved": "https://registry.npmjs.org/haraka-plugin-messagesniffer/-/haraka-plugin-messagesniffer-1.0.2.tgz",
      "integrity": "sha512-h3vFegccHKMyn1W3HIMv5ZjwGgGfsb9W4vXk86+N4DdTd7xkGcCylicx0gSI+caNZaMhiQ2VS7oJHyMxGCsXGg==",
      "license": "MIT",
      "optional": true
    },
    "node_modules/haraka-plugin-qmail-deliverable": {
      "version": "1.4.0",
      "resolved": "https://registry.npmjs.org/haraka-plugin-qmail-deliverable/-/haraka-plugin-qmail-deliverable-1.4.0.tgz",
      "integrity": "sha512-doASY8Vo14q9aS2lOPMZEwtnrWBRLmR1xwAKY4kmy/INHMVj1EHhnlOf9L9gwI0Z75wGztqQlDL1KROQtbN2ww==",
      "license": "MIT",
      "optional": true
    },
    "node_modules/haraka-plugin-redis": {
      "version": "2.1.0",
      "resolved": "https://registry.npmjs.org/haraka-plugin-redis/-/haraka-plugin-redis-2.1.0.tgz",
      "integrity": "sha512-wnmOitPwyzfWq98MhdIudAtcsf1xzLpzZWy1QYSVJcdtOSPQzzarnmmRz28SWodxD2c6rQFU/a4pFXMdrYl21g==",
      "license": "MIT",
      "dependencies": {
        "redis": "^5.12.1"
      }
    },
    "node_modules/haraka-plugin-redis/node_modules/@redis/bloom": {
      "version": "5.12.1",
      "resolved": "https://registry.npmjs.org/@redis/bloom/-/bloom-5.12.1.tgz",
      "integrity": "sha512-PUUfv+ms7jgPSBVoo/DN4AkPHj4D5TZSd6SbJX7egzBplkYUcKmHRE8RKia7UtZ8bSQbLguLvxVO+asKtQfZWA==",
      "license": "MIT",
      "engines": {
        "node": ">= 18.19.0"
      },
      "peerDependencies": {
        "@redis/client": "^5.12.1"
      }
    },
    "node_modules/haraka-plugin-redis/node_modules/@redis/client": {
      "version": "5.12.1",
      "resolved": "https://registry.npmjs.org/@redis/client/-/client-5.12.1.tgz",
      "integrity": "sha512-7aPGWeqA3uFm43o19umzdl16CEjK/JQGtSXVPevplTaOU3VJA/rseBC1QvYUz9lLDIMBimc4SW/zrW4S89BaCA==",
      "license": "MIT",
      "dependencies": {
        "cluster-key-slot": "1.1.2"
      },
      "engines": {
        "node": ">= 18.19.0"
      },
      "peerDependencies": {
        "@node-rs/xxhash": "^1.1.0",
        "@opentelemetry/api": ">=1 <2"
      },
      "peerDependenciesMeta": {
        "@node-rs/xxhash": {
          "optional": true
        },
        "@opentelemetry/api": {
          "optional": true
        }
      }
    },
    "node_modules/haraka-plugin-redis/node_modules/@redis/json": {
      "version": "5.12.1",
      "resolved": "https://registry.npmjs.org/@redis/json/-/json-5.12.1.tgz",
      "integrity": "sha512-eOze75esLve4vfqDel7aMX08CNaiLLQS2fV8mpRN9NxPe1rVR4vQyYiW/OgtGUysF6QOr9ANhfxABKNOJfXdKg==",
      "license": "MIT",
      "engines": {
        "node": ">= 18.19.0"
      },
      "peerDependencies": {
        "@redis/client": "^5.12.1"
      }
    },
    "node_modules/haraka-plugin-redis/node_modules/@redis/search": {
      "version": "5.12.1",
      "resolved": "https://registry.npmjs.org/@redis/search/-/search-5.12.1.tgz",
      "integrity": "sha512-ItlxbxC9cKI6IU1TLWoczwJCRb6TdmkEpWv05UrPawqaAnWGRu3rcIqsc5vN483T2fSociuyV1UkWIL5I4//2w==",
      "license": "MIT",
      "engines": {
        "node": ">= 18.19.0"
      },
      "peerDependencies": {
        "@redis/client": "^5.12.1"
      }
    },
    "node_modules/haraka-plugin-redis/node_modules/@redis/time-series": {
      "version": "5.12.1",
      "resolved": "https://registry.npmjs.org/@redis/time-series/-/time-series-5.12.1.tgz",
      "integrity": "sha512-c6JL6E3EcZJuNqKFz+KM+l9l5mpcQiKvTwgA3blt5glWJ8hjDk0yeHN3beE/MpqYIQ8UEX44ItQzgkE/gCBELQ==",
      "license": "MIT",
      "engines": {
        "node": ">= 18.19.0"
      },
      "peerDependencies": {
        "@redis/client": "^5.12.1"
      }
    },
    "node_modules/haraka-plugin-redis/node_modules/redis": {
      "version": "5.12.1",
      "resolved": "https://registry.npmjs.org/redis/-/redis-5.12.1.tgz",
      "integrity": "sha512-LDsoVvb/CpoV9EN3FXvgvSHNJWuCIzl9MiO3ppOevuGLpSGJhwfQjpEwfFJcQvNSddHADDdZaWx0HnmMxRXG7g==",
      "license": "MIT",
      "dependencies": {
        "@redis/bloom": "5.12.1",
        "@redis/client": "5.12.1",
        "@redis/json": "5.12.1",
        "@redis/search": "5.12.1",
        "@redis/time-series": "5.12.1"
      },
      "engines": {
        "node": ">= 18.19.0"
      }
    },
    "node_modules/haraka-plugin-relay": {
      "version": "1.0.2",
      "resolved": "https://registry.npmjs.org/haraka-plugin-relay/-/haraka-plugin-relay-1.0.2.tgz",
      "integrity": "sha512-A7EH/ALaoylivekp+t+f0EoK5pgs6E9oAh6FfDfBQRjOS0KSRsFN8w5qduFTDoHlBCosel3scXFc2+7jxERgfQ==",
      "license": "MIT",
      "optional": true,
      "dependencies": {
        "ipaddr.js": "^2.4.0"
      }
    },
    "node_modules/haraka-plugin-rspamd": {
      "version": "1.6.1",
      "resolved": "https://registry.npmjs.org/haraka-plugin-rspamd/-/haraka-plugin-rspamd-1.6.1.tgz",
      "integrity": "sha512-iNK0TL0VtjhTjqbs3Z4yk1LChheeTLtqIv0Xm9P6poulku/8GrCGXXY0EqaQCgyA+Uo3BYN+v9gXBdqZgVNBJg==",
      "license": "MIT",
      "optional": true,
      "dependencies": {
        "haraka-dsn": "^1.2.0"
      }
    },
    "node_modules/haraka-plugin-spamassassin": {
      "version": "1.1.2",
      "resolved": "https://registry.npmjs.org/haraka-plugin-spamassassin/-/haraka-plugin-spamassassin-1.1.2.tgz",
      "integrity": "sha512-FBzj4DLjQ9+rOoUU3/f///q9aSA2Mj6OaHX6h95yYe3suCQJ0wnyw82ysjbIFeNVI7iyXY7BwEsjV2FcuaT8Uw==",
      "license": "MIT",
      "optional": true,
      "dependencies": {
        "haraka-net-utils": "^1.9.2",
        "haraka-utils": "^2.2.1"
      }
    },
    "node_modules/haraka-plugin-spf": {
      "version": "1.3.0",
      "resolved": "https://registry.npmjs.org/haraka-plugin-spf/-/haraka-plugin-spf-1.3.0.tgz",
      "integrity": "sha512-pSBKXDQY0Vfe4vsUr/nUbsohrJ6u0siivgLAGZugbzZZXRM2dapgeOW1YfjbsPsrJmfY01IvFlpq0/6Okw6sbg==",
      "license": "MIT",
      "optional": true,
      "dependencies": {
        "haraka-dsn": "^1.2.0",
        "haraka-net-utils": "^1.8.2",
        "ipaddr.js": "^2.4.0",
        "nopt": "^10.0.0"
      },
      "bin": {
        "spf": "bin/spf"
      }
    },
    "node_modules/haraka-plugin-syslog": {
      "version": "1.1.2",
      "resolved": "https://registry.npmjs.org/haraka-plugin-syslog/-/haraka-plugin-syslog-1.1.2.tgz",
      "integrity": "sha512-HeRXXcxj/uZmNA+JW5OzCyFA6RCYVe+pqWkBMZbFhwoanYat9BrnB6N5EcOBB+YXhRlsQlbCo8EeXxbgLgTbQQ==",
      "license": "MIT",
      "optional": true,
      "dependencies": {
        "haraka-constants": "~1.0.8",
        "haraka-utils": "~2.2.1",
        "modern-syslog": "~1.2.0",
        "nan": "~2.27.0"
      }
    },
    "node_modules/haraka-plugin-uribl": {
      "version": "2.0.0",
      "resolved": "https://registry.npmjs.org/haraka-plugin-uribl/-/haraka-plugin-uribl-2.0.0.tgz",
      "integrity": "sha512-xCtr6qMBGjYNnLbyCb6qgISk5FhxH8jZlb2SHTRGeNqIQYTZEoSWOKjziCXiiyxcGlTYFapuOFTJ8pKkh17hxw==",
      "license": "MIT",
      "optional": true,
      "dependencies": {
        "@haraka/email-address": "^3.1.5",
        "haraka-net-utils": "^1.9.1",
        "haraka-tld": "^1.3.5",
        "haraka-utils": "^2.2.0"
      }
    },
    "node_modules/haraka-results": {
      "version": "2.4.0",
      "resolved": "https://registry.npmjs.org/haraka-results/-/haraka-results-2.4.0.tgz",
      "integrity": "sha512-5n9rVTzIp2lH5Vc7tkGIU9qJT4qGTgr+Hhw8kfWtQ8NrXXtSjEnuvZeiD3FOH0S65wLgjHLowwg5bADTsUto+A==",
      "license": "MIT",
      "dependencies": {
        "haraka-config": "^1.6.2"
      },
      "engines": {
        "node": ">=20"
      },
      "optionalDependencies": {
        "redis": "^6.0.0"
      }
    },
    "node_modules/haraka-tld": {
      "version": "1.3.6",
      "resolved": "https://registry.npmjs.org/haraka-tld/-/haraka-tld-1.3.6.tgz",
      "integrity": "sha512-2dqTAaIgNECGFYJyoSgDhBwawEoaWuQVfy5JiAC3DjV+IFO15pf04Su3CvaYXnAG1lWr1yMvxEJNCqq7YPNnjQ==",
      "license": "MIT"
    },
    "node_modules/haraka-utils": {
      "version": "2.2.1",
      "resolved": "https://registry.npmjs.org/haraka-utils/-/haraka-utils-2.2.1.tgz",
      "integrity": "sha512-fWo9V6tvDP82o8f/LQTDuZ+GlZpZC2heehn2yLQGESJj9el1WT3X+cBZWzGOL50eb1CKomCEOmIH7EFS9JFs/Q==",
      "license": "MIT"
    },
    "node_modules/hjson": {
      "version": "3.2.2",
      "resolved": "https://registry.npmjs.org/hjson/-/hjson-3.2.2.tgz",
      "integrity": "sha512-MkUeB0cTIlppeSsndgESkfFD21T2nXPRaBStLtf3cAYA2bVEFdXlodZB0TukwZiobPD1Ksax5DK4RTZeaXCI3Q==",
      "license": "MIT",
      "optional": true,
      "bin": {
        "hjson": "bin/hjson"
      }
    },
    "node_modules/iconv-lite": {
      "version": "0.7.3",
      "resolved": "https://registry.npmjs.org/iconv-lite/-/iconv-lite-0.7.3.tgz",
      "integrity": "sha512-IKXpvIzjnC9XTAUbVBcMfGS0EPaIXtW6v+zr+RRp+hqULEpo0owZax6wyRwPOJbWbzjYspQwusTsfVr0ifh4uQ==",
      "license": "MIT",
      "dependencies": {
        "safer-buffer": ">= 2.1.2 < 3.0.0"
      },
      "engines": {
        "node": ">=0.10.0"
      },
      "funding": {
        "type": "opencollective",
        "url": "https://opencollective.com/express"
      }
    },
    "node_modules/inherits": {
      "version": "2.0.4",
      "resolved": "https://registry.npmjs.org/inherits/-/inherits-2.0.4.tgz",
      "integrity": "sha512-k/vGaX4/Yla3WzyMCvTQOXYeIHvqOKtnqBduzTHpzpQZzAskKMhZ2K+EnBiSM9zGSoIFeMpXKxa4dYeZIQqewQ==",
      "license": "ISC",
      "optional": true
    },
    "node_modules/ip2buf": {
      "version": "2.0.0",
      "resolved": "https://registry.npmjs.org/ip2buf/-/ip2buf-2.0.0.tgz",
      "integrity": "sha512-ezW62UW6IPwpuS3mpsvOS3/3Jgx7aaNZT+uJo/+xVBxHCq7EA1ryuhzZw2MyC5GuGd1sAp3RDx7e4+nJCGt9vA==",
      "license": "MIT",
      "optional": true,
      "engines": {
        "node": ">=6"
      }
    },
    "node_modules/ipaddr.js": {
      "version": "2.4.0",
      "resolved": "https://registry.npmjs.org/ipaddr.js/-/ipaddr.js-2.4.0.tgz",
      "integrity": "sha512-9VGk3HGanVE6JoZXHiCpnGy5X0jYDnN4EA4lntFPj+1vIWlFhIylq2CrrCOJH9EAhc5CYhq18F2Av2tgoAPsYQ==",
      "license": "MIT",
      "engines": {
        "node": ">= 10"
      }
    },
    "node_modules/is-plain-object": {
      "version": "2.0.4",
      "resolved": "https://registry.npmjs.org/is-plain-object/-/is-plain-object-2.0.4.tgz",
      "integrity": "sha512-h5PpgXkWitc38BBMYawTYMWJHFZJVnBquFE57xFpjB8pJFiF6gZ+bU+WyI/yqXiFR5mdLsgYNaPe8uao6Uv9Og==",
      "license": "MIT",
      "optional": true,
      "dependencies": {
        "isobject": "^3.0.1"
      },
      "engines": {
        "node": ">=0.10.0"
      }
    },
    "node_modules/is-property": {
      "version": "1.0.2",
      "resolved": "https://registry.npmjs.org/is-property/-/is-property-1.0.2.tgz",
      "integrity": "sha512-Ks/IoX00TtClbGQr4TWXemAnktAQvYB7HzcCxDGqEZU6oCmb2INHuOoKxbtR+HFkmYWBKv/dOZtGRiAjDhj92g==",
      "license": "MIT",
      "optional": true
    },
    "node_modules/isexe": {
      "version": "4.0.0",
      "resolved": "https://registry.npmjs.org/isexe/-/isexe-4.0.0.tgz",
      "integrity": "sha512-FFUtZMpoZ8RqHS3XeXEmHWLA4thH+ZxCv2lOiPIn1Xc7CxrqhWzNSDzD+/chS/zbYezmiwWLdQC09JdQKmthOw==",
      "license": "BlueOak-1.0.0",
      "engines": {
        "node": ">=20"
      }
    },
    "node_modules/isobject": {
      "version": "3.0.1",
      "resolved": "https://registry.npmjs.org/isobject/-/isobject-3.0.1.tgz",
      "integrity": "sha512-WhB9zCku7EGTj/HQQRz5aUQEUeoQZH2bWcltRErOpymJ4boYE6wL9Tbr23krRPSZ+C5zqNSrSw+Cc7sZZ4b7vg==",
      "license": "MIT",
      "optional": true,
      "engines": {
        "node": ">=0.10.0"
      }
    },
    "node_modules/libbase64": {
      "version": "1.3.0",
      "resolved": "https://registry.npmjs.org/libbase64/-/libbase64-1.3.0.tgz",
      "integrity": "sha512-GgOXd0Eo6phYgh0DJtjQ2tO8dc0IVINtZJeARPeiIJqge+HdsWSuaDTe8ztQ7j/cONByDZ3zeB325AHiv5O0dg==",
      "license": "MIT"
    },
    "node_modules/libmime": {
      "version": "5.4.1",
      "resolved": "https://registry.npmjs.org/libmime/-/libmime-5.4.1.tgz",
      "integrity": "sha512-0wHGhsofo9IdQPenr3BBHXuxcwMq4atFUTsZ9Ogc1OvI5h4rUdDIrBQEN9JHjCXfDMrE59LUMJWsTD82wTYk8A==",
      "license": "MIT",
      "dependencies": {
        "encoding-japanese": "2.2.0",
        "iconv-lite": "0.7.3",
        "libbase64": "1.3.0",
        "libqp": "2.1.1"
      }
    },
    "node_modules/libqp": {
      "version": "2.1.1",
      "resolved": "https://registry.npmjs.org/libqp/-/libqp-2.1.1.tgz",
      "integrity": "sha512-0Wd+GPz1O134cP62YU2GTOPNA7Qgl09XwCqM5zpBv87ERCXdfDtyKXvV7c9U22yWJh44QZqBocFnXN11K96qow==",
      "license": "MIT"
    },
    "node_modules/maxmind": {
      "version": "5.0.6",
      "resolved": "https://registry.npmjs.org/maxmind/-/maxmind-5.0.6.tgz",
      "integrity": "sha512-5bvd/u+kIaTqaGM+xkXjatzQw1dQfSmlLggr2W1EKMyMxSgx2woZyusLpNpZ4DdPmL+1bbJWeo4LXsi6bC0Iew==",
      "license": "MIT",
      "optional": true,
      "dependencies": {
        "mmdb-lib": "3.0.2",
        "tiny-lru": "13.0.0"
      },
      "engines": {
        "node": ">=12",
        "npm": ">=6"
      }
    },
    "node_modules/minimalistic-assert": {
      "version": "1.0.1",
      "resolved": "https://registry.npmjs.org/minimalistic-assert/-/minimalistic-assert-1.0.1.tgz",
      "integrity": "sha512-UtJcAD4yEaGtjPezWuO9wC4nwUnVH/8/Im3yEHQP4b67cXlD/Qr9hdITCU1xDbSEXg2XKNaP8jsReV7vQd00/A==",
      "license": "ISC",
      "optional": true
    },
    "node_modules/minipass": {
      "version": "7.1.3",
      "resolved": "https://registry.npmjs.org/minipass/-/minipass-7.1.3.tgz",
      "integrity": "sha512-tEBHqDnIoM/1rXME1zgka9g6Q2lcoCkxHLuc7ODJ5BxbP5d4c2Z5cGgtXAku59200Cx7diuHTOYfSBD8n6mm8A==",
      "license": "BlueOak-1.0.0",
      "engines": {
        "node": ">=16 || 14 >=14.17"
      }
    },
    "node_modules/minizlib": {
      "version": "3.1.0",
      "resolved": "https://registry.npmjs.org/minizlib/-/minizlib-3.1.0.tgz",
      "integrity": "sha512-KZxYo1BUkWD2TVFLr0MQoM8vUUigWD3LlD83a/75BqC+4qE0Hb1Vo5v1FgcfaNXvfXzr+5EhQ6ing/CaBijTlw==",
      "license": "MIT",
      "dependencies": {
        "minipass": "^7.1.2"
      },
      "engines": {
        "node": ">= 18"
      }
    },
    "node_modules/mmdb-lib": {
      "version": "3.0.2",
      "resolved": "https://registry.npmjs.org/mmdb-lib/-/mmdb-lib-3.0.2.tgz",
      "integrity": "sha512-7e87vk0DdWT647wjcfEtWeMtjm+zVGqNohN/aeIymbUfjHQ2T4Sx5kM+1irVDBSloNC3CkGKxswdMoo8yhqTDg==",
      "license": "MIT",
      "optional": true,
      "engines": {
        "node": ">=10",
        "npm": ">=6"
      }
    },
    "node_modules/modern-syslog": {
      "version": "1.2.0",
      "resolved": "https://registry.npmjs.org/modern-syslog/-/modern-syslog-1.2.0.tgz",
      "integrity": "sha512-dmFE23qpyZJf8MOdzuNKliW4j1PCqxaRtSzyNnv6QDUWjf1z8T4ZoQ7Qf0t6It2ewNv9/XJZSJoUgwpq3D0X7A==",
      "hasInstallScript": true,
      "license": "MIT",
      "optional": true,
      "os": [
        "!win32"
      ],
      "dependencies": {
        "nan": "^2.13.2"
      }
    },
    "node_modules/nan": {
      "version": "2.27.0",
      "resolved": "https://registry.npmjs.org/nan/-/nan-2.27.0.tgz",
      "integrity": "sha512-hC+0LidcL3XE4rp1C4H54KujgXKzbfyTngZTwBByQxsOxCEKZT0MPQ4hOKUH2jU1OYstqdDH4onyHPDzcV0XdQ==",
      "license": "MIT",
      "optional": true
    },
    "node_modules/node-gyp": {
      "version": "13.0.1",
      "resolved": "https://registry.npmjs.org/node-gyp/-/node-gyp-13.0.1.tgz",
      "integrity": "sha512-piOr0S10qy5THB+q5BdqkoOx65XL/tjTMUAit3vciPNp+snTOBnGunWH1Rz7XZUxf2T9uFrfT/Ty4+aC3yPeyg==",
      "license": "MIT",
      "dependencies": {
        "env-paths": "^2.2.0",
        "exponential-backoff": "^3.1.1",
        "graceful-fs": "^4.2.6",
        "nopt": "^10.0.0",
        "proc-log": "^7.0.0",
        "semver": "^7.3.5",
        "tar": "^7.5.4",
        "tinyglobby": "^0.2.12",
        "undici": "^8.4.1",
        "which": "^7.0.0"
      },
      "bin": {
        "node-gyp": "bin/node-gyp.js"
      },
      "engines": {
        "node": "^22.22.2 || ^24.15.0 || >=26.0.0"
      }
    },
    "node_modules/nopt": {
      "version": "10.0.1",
      "resolved": "https://registry.npmjs.org/nopt/-/nopt-10.0.1.tgz",
      "integrity": "sha512-df3sBr/6ax9hSGuC3CspvLlbnX8cP5L5nZwXF8cGN8l0zSWR6BvzmQ6jPUKjvo6+/xdpkNvEcucBNUdBeeV13g==",
      "license": "ISC",
      "dependencies": {
        "abbrev": "^5.0.0"
      },
      "bin": {
        "nopt": "bin/nopt.js"
      },
      "engines": {
        "node": "^22.22.2 || ^24.15.0 || >=26.0.0"
      }
    },
    "node_modules/picomatch": {
      "version": "4.0.5",
      "resolved": "https://registry.npmjs.org/picomatch/-/picomatch-4.0.5.tgz",
      "integrity": "sha512-RvwwcruNjI1ncT5xRakeyS9Lf8lcItv34KD+aif+VH9kduAyfYBipGh12274xtenIPZ119/R9BdTBa8gAwSh0A==",
      "license": "MIT",
      "engines": {
        "node": ">=12"
      },
      "funding": {
        "url": "https://github.com/sponsors/jonschlinkert"
      }
    },
    "node_modules/proc-log": {
      "version": "7.0.0",
      "resolved": "https://registry.npmjs.org/proc-log/-/proc-log-7.0.0.tgz",
      "integrity": "sha512-FYgfaA69XZ93zaXLoMNQ+ViDXGGBgR8aLh03txzcFhV+9xOXx7+8DLCULrKKpR9+GsH9ZfHm82aSUPpozX0Ztg==",
      "license": "ISC",
      "engines": {
        "node": "^22.22.2 || ^24.15.0 || >=26.0.0"
      }
    },
    "node_modules/redis": {
      "version": "6.1.0",
      "resolved": "https://registry.npmjs.org/redis/-/redis-6.1.0.tgz",
      "integrity": "sha512-0kvUPM8RHP/ZMa0xYaDTcG5e8tIGW6kz6MToVT0V8iOnk6bkXp2jncGRGe2bZEk41lZwiDspUqjZCSk5ohjcKw==",
      "license": "MIT",
      "dependencies": {
        "@redis/bloom": "6.1.0",
        "@redis/client": "6.1.0",
        "@redis/json": "6.1.0",
        "@redis/search": "6.1.0",
        "@redis/time-series": "6.1.0"
      },
      "engines": {
        "node": ">= 20.0.0"
      }
    },
    "node_modules/safer-buffer": {
      "version": "2.1.2",
      "resolved": "https://registry.npmjs.org/safer-buffer/-/safer-buffer-2.1.2.tgz",
      "integrity": "sha512-YZo3K82SD7Riyi0E1EQPojLz7kpepnSQI9IyPbHHg1XXXevb5dJI7tpyN2ADxGcQbHG7vcyRHk0cbwqcQriUtg==",
      "license": "MIT"
    },
    "node_modules/semver": {
      "version": "7.8.5",
      "resolved": "https://registry.npmjs.org/semver/-/semver-7.8.5.tgz",
      "integrity": "sha512-Y7/KDsb8LjooZpwaqGyulO6DQlksgCncchHGk+sZIY4SBvUocMBEFH5Ur1fI4dV+Jvl0w6cjvucaIi40puRioA==",
      "license": "ISC",
      "bin": {
        "semver": "bin/semver.js"
      },
      "engines": {
        "node": ">=10"
      }
    },
    "node_modules/tar": {
      "version": "7.5.21",
      "resolved": "https://registry.npmjs.org/tar/-/tar-7.5.21.tgz",
      "integrity": "sha512-XdhtCvlMywwxpCW8YEq3lOXBJpUPTR2OHHcwLPO3HwsJqOHa2Ok/oJ7ruGzp+JrKoRPVCzJwAdEjqLW/vNRPHA==",
      "license": "BlueOak-1.0.0",
      "dependencies": {
        "@isaacs/fs-minipass": "^4.0.0",
        "chownr": "^3.0.0",
        "minipass": "^7.1.2",
        "minizlib": "^3.1.0",
        "yallist": "^5.0.0"
      },
      "engines": {
        "node": ">=18"
      }
    },
    "node_modules/tiny-lru": {
      "version": "13.0.0",
      "resolved": "https://registry.npmjs.org/tiny-lru/-/tiny-lru-13.0.0.tgz",
      "integrity": "sha512-xDHxKKS1FdF0Tv2P+QT7IeSEg74K/8cEDzbv3Tv6UyHHUgBOjOiQiBp818MGj66dhurQus/IBcoAbwIKtSGc6Q==",
      "license": "BSD-3-Clause",
      "optional": true,
      "engines": {
        "node": ">=14"
      }
    },
    "node_modules/tinyglobby": {
      "version": "0.2.17",
      "resolved": "https://registry.npmjs.org/tinyglobby/-/tinyglobby-0.2.17.tgz",
      "integrity": "sha512-wXR/dYpcqKmfWpEdZjiKJOwCNFndD0DMnrW/cYjVGttEkBfVgcLFHoNrlj47mjOVic9yyNu65alsgF4NQyTa2g==",
      "license": "MIT",
      "dependencies": {
        "fdir": "^6.5.0",
        "picomatch": "^4.0.4"
      },
      "engines": {
        "node": ">=12.0.0"
      },
      "funding": {
        "url": "https://github.com/sponsors/SuperchupuDev"
      }
    },
    "node_modules/tmp": {
      "version": "0.2.7",
      "resolved": "https://registry.npmjs.org/tmp/-/tmp-0.2.7.tgz",
      "integrity": "sha512-e0votIpp4Uo2AJYSzVHV6xCcawuiez3DzqDAbrTc3YxBkplN6e+dM13ZeIcZnDg/QpSuU2zfZ3rzwY8ukEnaXw==",
      "license": "MIT",
      "optional": true,
      "engines": {
        "node": ">=14.14"
      }
    },
    "node_modules/turbo-crc32": {
      "version": "1.0.1",
      "resolved": "https://registry.npmjs.org/turbo-crc32/-/turbo-crc32-1.0.1.tgz",
      "integrity": "sha512-8yyRd1ZdNp+AQLGqi3lTaA2k81JjlIZOyFQEsi7GQWBgirnQOxjqVtDEbYHM2Z4yFdJ5AQw0fxBLLnDCl6RXoQ==",
      "license": "MIT",
      "optional": true,
      "engines": {
        "node": ">=6"
      }
    },
    "node_modules/undici": {
      "version": "8.8.0",
      "resolved": "https://registry.npmjs.org/undici/-/undici-8.8.0.tgz",
      "integrity": "sha512-ubshXMXwF3MQIMF1y/WxZdNBnjEKeSg2wF5mcGUtU55YTw34tnVVpKRlLf7ruDXZ5344KokPVX4RBx1wJm64Bw==",
      "license": "MIT",
      "engines": {
        "node": ">=22.19.0"
      }
    },
    "node_modules/which": {
      "version": "7.0.0",
      "resolved": "https://registry.npmjs.org/which/-/which-7.0.0.tgz",
      "integrity": "sha512-RancgH2dmbLdHl6LRhEqvklWMgl/Hdnun0Y90KhBOLkMefg8Qa7/Zel8Sm+8HEcP6DEjzsWzpkuBQEZok58isA==",
      "license": "ISC",
      "dependencies": {
        "isexe": "^4.0.0"
      },
      "bin": {
        "node-which": "bin/which.js"
      },
      "engines": {
        "node": "^22.22.2 || ^24.15.0 || >=26.0.0"
      }
    },
    "node_modules/yallist": {
      "version": "5.0.0",
      "resolved": "https://registry.npmjs.org/yallist/-/yallist-5.0.0.tgz",
      "integrity": "sha512-YgvUTfwqyc7UXVMrB+SImsVYSmTS8X/tSrtdNZMImM+n7+QTriRXyXim0mBrTXNeqzVF0KWGgHPeiyViFFrNDw==",
      "license": "BlueOak-1.0.0",
      "engines": {
        "node": ">=18"
      }
    },
    "node_modules/yaml": {
      "version": "2.9.0",
      "resolved": "https://registry.npmjs.org/yaml/-/yaml-2.9.0.tgz",
      "integrity": "sha512-2AvhNX3mb8zd6Zy7INTtSpl1F15HW6Wnqj0srWlkKLcpYl/gMIMJiyuGq2KeI2YFxUPjdlB+3Lc10seMLtL4cA==",
      "license": "ISC",
      "bin": {
        "yaml": "bin.mjs"
      },
      "engines": {
        "node": ">= 14.6"
      },
      "funding": {
        "url": "https://github.com/sponsors/eemeli"
      }
    }
  }
}
