{
  "name": "loomio-hocuspocus",
  "version": "1.0.0",
  "lockfileVersion": 3,
  "requires": true,
  "packages": {
    "": {
      "name": "loomio-hocuspocus",
      "version": "1.0.0",
      "dependencies": {
        "@hocuspocus/server": "^4.7.0",
        "@sentry/node": "^11.4.0"
      },
      "engines": {
        "node": "24",
        "npm": "11.16.0"
      }
    },
    "node_modules/@hocuspocus/common": {
      "version": "4.7.0",
      "resolved": "https://registry.npmjs.org/@hocuspocus/common/-/common-4.7.0.tgz",
      "integrity": "sha512-KyS6dXoIcWsd+v3gwd6nnZW04M77df5XstPNkOwqoDxwuncygobEN7xsf0x2PmdvlQdQyRaLm2SF4r1GZZGRnA==",
      "license": "MIT",
      "dependencies": {
        "lib0": "^0.2.117"
      }
    },
    "node_modules/@hocuspocus/server": {
      "version": "4.7.0",
      "resolved": "https://registry.npmjs.org/@hocuspocus/server/-/server-4.7.0.tgz",
      "integrity": "sha512-rlHSxGXEkYvHgQa9Q8prjMHChIl7daZlXL1pezifS8j+svLHQPKLfevNBxFKc+ZW5pLpUiUJGU++O8eJlSt3Ew==",
      "license": "MIT",
      "dependencies": {
        "@hocuspocus/common": "^4.7.0",
        "async-mutex": "^0.5.0",
        "crossws": "^0.4.4",
        "kleur": "^4.1.5",
        "lib0": "^0.2.117"
      },
      "engines": {
        "node": ">=22"
      },
      "peerDependencies": {
        "y-protocols": "^1.0.6",
        "yjs": "^13.6.8"
      }
    },
    "node_modules/@jridgewell/sourcemap-codec": {
      "version": "1.6.0",
      "resolved": "https://registry.npmjs.org/@jridgewell/sourcemap-codec/-/sourcemap-codec-1.6.0.tgz",
      "integrity": "sha512-T7jf+5zgsZHwNJ4lvQ7/aezbyk0nNX+zJVWpmHA7VYsEx7a7qr5Rg5IbtJFqkgze5Y2sruq1RUY8Q837Od7iFw==",
      "license": "MIT"
    },
    "node_modules/@opentelemetry/api": {
      "version": "1.9.1",
      "resolved": "https://registry.npmjs.org/@opentelemetry/api/-/api-1.9.1.tgz",
      "integrity": "sha512-gLyJlPHPZYdAk1JENA9LeHejZe1Ti77/pTeFm/nMXmQH/HFZlcS/O2XJB+L8fkbrNSqhdtlvjBVjxwUYanNH5Q==",
      "license": "Apache-2.0",
      "engines": {
        "node": ">=8.0.0"
      }
    },
    "node_modules/@oxc-parser/binding-android-arm-eabi": {
      "version": "0.152.0",
      "resolved": "https://registry.npmjs.org/@oxc-parser/binding-android-arm-eabi/-/binding-android-arm-eabi-0.152.0.tgz",
      "integrity": "sha512-393VtirINkae4XHBTkq/yQxhOwEr4V+r0et37P2fp+sYZSdYgZTRDPo5Um8vBh0QjMZ+RmaMy4PP0qwr4cTMwA==",
      "cpu": [
        "arm"
      ],
      "license": "MIT",
      "optional": true,
      "os": [
        "android"
      ],
      "engines": {
        "node": "^20.19.0 || >=22.12.0"
      }
    },
    "node_modules/@oxc-parser/binding-android-arm64": {
      "version": "0.152.0",
      "resolved": "https://registry.npmjs.org/@oxc-parser/binding-android-arm64/-/binding-android-arm64-0.152.0.tgz",
      "integrity": "sha512-iYFcExATJNZ0rZj0o02THbD1Nc9jAW0nVgIQPee6ejbSASpbZXlIMw8jxtpzaG14JQTWwGSZ6U5dEtRJXE6V3Q==",
      "cpu": [
        "arm64"
      ],
      "license": "MIT",
      "optional": true,
      "os": [
        "android"
      ],
      "engines": {
        "node": "^20.19.0 || >=22.12.0"
      }
    },
    "node_modules/@oxc-parser/binding-darwin-arm64": {
      "version": "0.152.0",
      "resolved": "https://registry.npmjs.org/@oxc-parser/binding-darwin-arm64/-/binding-darwin-arm64-0.152.0.tgz",
      "integrity": "sha512-fnU+DfUzi5/rFy0LzmipYRz06PAUUkOS8kCJQ3Eg6oqlunC1XZXoffFqxmdL51RmcbYtUG3P8DVG1U5fckoa2A==",
      "cpu": [
        "arm64"
      ],
      "license": "MIT",
      "optional": true,
      "os": [
        "darwin"
      ],
      "engines": {
        "node": "^20.19.0 || >=22.12.0"
      }
    },
    "node_modules/@oxc-parser/binding-darwin-x64": {
      "version": "0.152.0",
      "resolved": "https://registry.npmjs.org/@oxc-parser/binding-darwin-x64/-/binding-darwin-x64-0.152.0.tgz",
      "integrity": "sha512-Y3U2okryWTs7hDld6UhjJwLNf8/do+x4g4C+1U5SiGwrTLwbO83WJYJA8+l9iFSilWBgnfpd/+U76tfeNxUHzA==",
      "cpu": [
        "x64"
      ],
      "license": "MIT",
      "optional": true,
      "os": [
        "darwin"
      ],
      "engines": {
        "node": "^20.19.0 || >=22.12.0"
      }
    },
    "node_modules/@oxc-parser/binding-freebsd-x64": {
      "version": "0.152.0",
      "resolved": "https://registry.npmjs.org/@oxc-parser/binding-freebsd-x64/-/binding-freebsd-x64-0.152.0.tgz",
      "integrity": "sha512-XkhkRrrPffEw+ZLv/d/5pEni0buxinm/E/N6fLbJCunD1DBbeCTtVP23ESV+4CWCWdSz397asks1ViGslpmWiQ==",
      "cpu": [
        "x64"
      ],
      "license": "MIT",
      "optional": true,
      "os": [
        "freebsd"
      ],
      "engines": {
        "node": "^20.19.0 || >=22.12.0"
      }
    },
    "node_modules/@oxc-parser/binding-linux-arm-gnueabihf": {
      "version": "0.152.0",
      "resolved": "https://registry.npmjs.org/@oxc-parser/binding-linux-arm-gnueabihf/-/binding-linux-arm-gnueabihf-0.152.0.tgz",
      "integrity": "sha512-MLzsRRbdfmdzo6JEhbC1yKU9ItfvM8tEf18HM32jCiNYZEz6J3bRBRl3cTkKR0vBdrk9ZVlcARXtwHccs+epDA==",
      "cpu": [
        "arm"
      ],
      "license": "MIT",
      "optional": true,
      "os": [
        "linux"
      ],
      "engines": {
        "node": "^20.19.0 || >=22.12.0"
      }
    },
    "node_modules/@oxc-parser/binding-linux-arm-musleabihf": {
      "version": "0.152.0",
      "resolved": "https://registry.npmjs.org/@oxc-parser/binding-linux-arm-musleabihf/-/binding-linux-arm-musleabihf-0.152.0.tgz",
      "integrity": "sha512-HHerTEJz7Iy10Ji6BGsk4gqG6PU0UzFuBu91jIEOX89FnrI5ECWSEr7BLpkYQhp7U0QFtMnBhNfQKI0hYZK78w==",
      "cpu": [
        "arm"
      ],
      "license": "MIT",
      "optional": true,
      "os": [
        "linux"
      ],
      "engines": {
        "node": "^20.19.0 || >=22.12.0"
      }
    },
    "node_modules/@oxc-parser/binding-linux-arm64-gnu": {
      "version": "0.152.0",
      "resolved": "https://registry.npmjs.org/@oxc-parser/binding-linux-arm64-gnu/-/binding-linux-arm64-gnu-0.152.0.tgz",
      "integrity": "sha512-9Bb8GyzZ2uSLzRDZ27usaKokr07mxiBe2dDF5b6bd2janmaJTT1gL51UfP7AU30yFiXrJvcRyFKREAgKwZYs0w==",
      "cpu": [
        "arm64"
      ],
      "libc": [
        "glibc"
      ],
      "license": "MIT",
      "optional": true,
      "os": [
        "linux"
      ],
      "engines": {
        "node": "^20.19.0 || >=22.12.0"
      }
    },
    "node_modules/@oxc-parser/binding-linux-arm64-musl": {
      "version": "0.152.0",
      "resolved": "https://registry.npmjs.org/@oxc-parser/binding-linux-arm64-musl/-/binding-linux-arm64-musl-0.152.0.tgz",
      "integrity": "sha512-om7iDMUroI74A/lfRRWY9/Ev3VWrVsrUZ4tyvyh8raBey/sdcfyAD7tYWc+iykAiotnmftyKTpUKFr1QnaBrAQ==",
      "cpu": [
        "arm64"
      ],
      "libc": [
        "musl"
      ],
      "license": "MIT",
      "optional": true,
      "os": [
        "linux"
      ],
      "engines": {
        "node": "^20.19.0 || >=22.12.0"
      }
    },
    "node_modules/@oxc-parser/binding-linux-ppc64-gnu": {
      "version": "0.152.0",
      "resolved": "https://registry.npmjs.org/@oxc-parser/binding-linux-ppc64-gnu/-/binding-linux-ppc64-gnu-0.152.0.tgz",
      "integrity": "sha512-Lf1OL2lMTqwDMFC6jnRb30B+WYHKV0XT+bPHcFM6xHtNVwxpobiTzUIvKH6a0LWpvfwyru8Yu6zCGHqqFHH+gg==",
      "cpu": [
        "ppc64"
      ],
      "libc": [
        "glibc"
      ],
      "license": "MIT",
      "optional": true,
      "os": [
        "linux"
      ],
      "engines": {
        "node": "^20.19.0 || >=22.12.0"
      }
    },
    "node_modules/@oxc-parser/binding-linux-riscv64-gnu": {
      "version": "0.152.0",
      "resolved": "https://registry.npmjs.org/@oxc-parser/binding-linux-riscv64-gnu/-/binding-linux-riscv64-gnu-0.152.0.tgz",
      "integrity": "sha512-BYWSMQK+YJ9ZILStPcmmiSVq8KEG9Qdq/c4BHPC3rUEq/fEDCVjUIwdj5ZzjgZ9P9is9PKu0tcAXzq1ZXg4urQ==",
      "cpu": [
        "riscv64"
      ],
      "libc": [
        "glibc"
      ],
      "license": "MIT",
      "optional": true,
      "os": [
        "linux"
      ],
      "engines": {
        "node": "^20.19.0 || >=22.12.0"
      }
    },
    "node_modules/@oxc-parser/binding-linux-riscv64-musl": {
      "version": "0.152.0",
      "resolved": "https://registry.npmjs.org/@oxc-parser/binding-linux-riscv64-musl/-/binding-linux-riscv64-musl-0.152.0.tgz",
      "integrity": "sha512-d2LqHNNNqdH185sRK5dPKWZu201JrNu9/CRFuVEuT+ht7n/QaVblEMWT9MALQPrDWYvhG10P+NSKJFquDWZ09w==",
      "cpu": [
        "riscv64"
      ],
      "libc": [
        "musl"
      ],
      "license": "MIT",
      "optional": true,
      "os": [
        "linux"
      ],
      "engines": {
        "node": "^20.19.0 || >=22.12.0"
      }
    },
    "node_modules/@oxc-parser/binding-linux-s390x-gnu": {
      "version": "0.152.0",
      "resolved": "https://registry.npmjs.org/@oxc-parser/binding-linux-s390x-gnu/-/binding-linux-s390x-gnu-0.152.0.tgz",
      "integrity": "sha512-8gBeHt5rA/8+pKhHl+zLggfa3L/V/L2at96p7ty6pBE7id6lFO19nFUc15u2PcjC4OYeYK465MKy1fhhbpFIGw==",
      "cpu": [
        "s390x"
      ],
      "libc": [
        "glibc"
      ],
      "license": "MIT",
      "optional": true,
      "os": [
        "linux"
      ],
      "engines": {
        "node": "^20.19.0 || >=22.12.0"
      }
    },
    "node_modules/@oxc-parser/binding-linux-x64-gnu": {
      "version": "0.152.0",
      "resolved": "https://registry.npmjs.org/@oxc-parser/binding-linux-x64-gnu/-/binding-linux-x64-gnu-0.152.0.tgz",
      "integrity": "sha512-ltgrSF6L+yPTVsIdaAyqKq3zTqzj/1VlNbxWZuxAe8flR3sWdyNsKvdXukoO8/ucJbLickhmieRBge+o/e8Ugw==",
      "cpu": [
        "x64"
      ],
      "libc": [
        "glibc"
      ],
      "license": "MIT",
      "optional": true,
      "os": [
        "linux"
      ],
      "engines": {
        "node": "^20.19.0 || >=22.12.0"
      }
    },
    "node_modules/@oxc-parser/binding-linux-x64-musl": {
      "version": "0.152.0",
      "resolved": "https://registry.npmjs.org/@oxc-parser/binding-linux-x64-musl/-/binding-linux-x64-musl-0.152.0.tgz",
      "integrity": "sha512-LcMp6BvrBnewSfdkLHoSqidhoAq4syKOTBV5TYHWd+2VnGkfD/nPRRVIzTBt/Lkbt7pfOFDGtkiTntFS0p6sQQ==",
      "cpu": [
        "x64"
      ],
      "libc": [
        "musl"
      ],
      "license": "MIT",
      "optional": true,
      "os": [
        "linux"
      ],
      "engines": {
        "node": "^20.19.0 || >=22.12.0"
      }
    },
    "node_modules/@oxc-parser/binding-openharmony-arm64": {
      "version": "0.152.0",
      "resolved": "https://registry.npmjs.org/@oxc-parser/binding-openharmony-arm64/-/binding-openharmony-arm64-0.152.0.tgz",
      "integrity": "sha512-jbhoMCslVxzRCRNQ8TSHxjYdSKRvk8O6ciLVDkahJvmyHDzBqba/bMQHM6ULKj/rgHNNbSzlIiakdx8SEfkJzA==",
      "cpu": [
        "arm64"
      ],
      "license": "MIT",
      "optional": true,
      "os": [
        "openharmony"
      ],
      "engines": {
        "node": "^20.19.0 || >=22.12.0"
      }
    },
    "node_modules/@oxc-parser/binding-win32-arm64-msvc": {
      "version": "0.152.0",
      "resolved": "https://registry.npmjs.org/@oxc-parser/binding-win32-arm64-msvc/-/binding-win32-arm64-msvc-0.152.0.tgz",
      "integrity": "sha512-JZYVlhv36mr/nertnRB7vchJECOBb1Lz6lltalILsB+o9M/is+H6BEDRLQKdqA4JKs6NjJszo46+iM5sfwj6jQ==",
      "cpu": [
        "arm64"
      ],
      "license": "MIT",
      "optional": true,
      "os": [
        "win32"
      ],
      "engines": {
        "node": "^20.19.0 || >=22.12.0"
      }
    },
    "node_modules/@oxc-parser/binding-win32-ia32-msvc": {
      "version": "0.152.0",
      "resolved": "https://registry.npmjs.org/@oxc-parser/binding-win32-ia32-msvc/-/binding-win32-ia32-msvc-0.152.0.tgz",
      "integrity": "sha512-1X9oganvVsunRH0lH10UU05N+H9atpX6WsOybByUjwnfcd3h/0tYwvuv16XuHglrIUOnxV2TodbLVEwwafd64g==",
      "cpu": [
        "ia32"
      ],
      "license": "MIT",
      "optional": true,
      "os": [
        "win32"
      ],
      "engines": {
        "node": "^20.19.0 || >=22.12.0"
      }
    },
    "node_modules/@oxc-parser/binding-win32-x64-msvc": {
      "version": "0.152.0",
      "resolved": "https://registry.npmjs.org/@oxc-parser/binding-win32-x64-msvc/-/binding-win32-x64-msvc-0.152.0.tgz",
      "integrity": "sha512-sw0M80/dn9rcpu+Rqqph/C+MjvDDce6MlXmFjsNQtPEymha0eJy3ml6+foSUTqFfpDIDyHZZ4eoJ43IoMe8bJw==",
      "cpu": [
        "x64"
      ],
      "license": "MIT",
      "optional": true,
      "os": [
        "win32"
      ],
      "engines": {
        "node": "^20.19.0 || >=22.12.0"
      }
    },
    "node_modules/@oxc-project/types": {
      "version": "0.152.0",
      "resolved": "https://registry.npmjs.org/@oxc-project/types/-/types-0.152.0.tgz",
      "integrity": "sha512-oM/5rLBm2tPkg0iBgkH/FOeR3PCDpY19GTgAZjMFM8h9WI9VW7cLgzp6nwtarYKmovavIQZ+Fe/RKX/8C8O/Rw==",
      "license": "MIT",
      "funding": {
        "url": "https://github.com/sponsors/oxc-project"
      }
    },
    "node_modules/@sentry/bundler-plugins": {
      "version": "11.4.0",
      "resolved": "https://registry.npmjs.org/@sentry/bundler-plugins/-/bundler-plugins-11.4.0.tgz",
      "integrity": "sha512-THgOMIaA0AMVF4TiCIbugK2jlLYCBIhRF0gclrj7Fte3RMZytkXeH8XeoaR6C6MJTyLCNkEOEccwX9Jj2xOc8g==",
      "license": "MIT",
      "dependencies": {
        "@sentry/core": "11.4.0",
        "dotenv": "^17.4.2",
        "glob": "^13.0.6",
        "magic-string": "~0.30.8 || ^1.0.0",
        "oxc-parser": "^0.152.0",
        "sentry": "^0.45.0",
        "supports-color": "^8.1.1"
      },
      "engines": {
        "node": ">=20.19.0 <22.0.0 || >=22.12.0 <23.0.0 || >=23.2.0"
      },
      "peerDependencies": {
        "@babel/core": "^7.18.5",
        "rollup": ">=3.2.0",
        "webpack": ">=5.1.0"
      },
      "peerDependenciesMeta": {
        "@babel/core": {
          "optional": true
        },
        "rollup": {
          "optional": true
        },
        "webpack": {
          "optional": true
        }
      }
    },
    "node_modules/@sentry/conventions": {
      "version": "0.25.0",
      "resolved": "https://registry.npmjs.org/@sentry/conventions/-/conventions-0.25.0.tgz",
      "integrity": "sha512-7SouCAX3qx+AzLsxb6gbl3dKVWNhp2wFjdYQ/T90sGwqPPQUoZVA9YwsWwvx07hqcCiSqFW9mUAzyUftASnuhQ==",
      "license": "MIT",
      "engines": {
        "node": ">=14"
      }
    },
    "node_modules/@sentry/core": {
      "version": "11.4.0",
      "resolved": "https://registry.npmjs.org/@sentry/core/-/core-11.4.0.tgz",
      "integrity": "sha512-kAhK8XVJuzu1IKx9uSu04OISxTU9BcIyDVOWbY/ATUCYr5Z6L7GRBtOGOlYCbxEuPtdZCw5TrbphnBsyO9fuTA==",
      "license": "MIT",
      "dependencies": {
        "@sentry/conventions": "^0.25.0"
      },
      "engines": {
        "node": ">=20.19.0 <22.0.0 || >=22.12.0 <23.0.0 || >=23.2.0"
      }
    },
    "node_modules/@sentry/node": {
      "version": "11.4.0",
      "resolved": "https://registry.npmjs.org/@sentry/node/-/node-11.4.0.tgz",
      "integrity": "sha512-fW587LsZnsuGt1V++59xFCtZ/7jGO3GQq1F+l/Jx5DS18QApXQ99vlfS9H5bxuWixfi5/22ea9M8XjFpkkuzQg==",
      "license": "MIT",
      "dependencies": {
        "@opentelemetry/api": "^1.9.1",
        "@sentry/bundler-plugins": "11.4.0",
        "@sentry/conventions": "^0.25.0",
        "@sentry/core": "11.4.0",
        "@sentry/opentelemetry": "11.4.0",
        "@sentry/server-runtime-injection": "11.4.0",
        "@sentry/server-utils": "11.4.0"
      },
      "engines": {
        "node": ">=20.19.0 <22.0.0 || >=22.12.0 <23.0.0 || >=23.2.0"
      }
    },
    "node_modules/@sentry/opentelemetry": {
      "version": "11.4.0",
      "resolved": "https://registry.npmjs.org/@sentry/opentelemetry/-/opentelemetry-11.4.0.tgz",
      "integrity": "sha512-GGDmV+VIGU1p3KGtgR32wrRJejSfEuafbEcSUK7Ww5oxDMYJyHXRSbFjVvGMoAG1ezTl0U6WtMUoWmalsfYHZg==",
      "license": "MIT",
      "dependencies": {
        "@sentry/conventions": "^0.25.0",
        "@sentry/core": "11.4.0"
      },
      "engines": {
        "node": ">=20.19.0 <22.0.0 || >=22.12.0 <23.0.0 || >=23.2.0"
      },
      "peerDependencies": {
        "@opentelemetry/api": "^1.9.0"
      }
    },
    "node_modules/@sentry/server-runtime-injection": {
      "version": "11.4.0",
      "resolved": "https://registry.npmjs.org/@sentry/server-runtime-injection/-/server-runtime-injection-11.4.0.tgz",
      "integrity": "sha512-8IaiqIJuJySztjxdC0UXP3lHlBAr8HsI8kUMEDV7REYhgmz2+B4BmKyyvaZfeasJlAvzkvSOLZ/Xco7kPikZdQ==",
      "license": "MIT",
      "dependencies": {
        "@sentry/core": "11.4.0",
        "@sentry/server-utils": "11.4.0"
      },
      "engines": {
        "node": ">=20.19.0 <22.0.0 || >=22.12.0 <23.0.0 || >=23.2.0"
      }
    },
    "node_modules/@sentry/server-utils": {
      "version": "11.4.0",
      "resolved": "https://registry.npmjs.org/@sentry/server-utils/-/server-utils-11.4.0.tgz",
      "integrity": "sha512-GA4RvjRXyKFawD7Zi5AlgHPvm9Q8d9VeWer6g9qj4mDavi+VuNFhRmhgsv1qU1l3hlUeMYCpbKhpDOaOH/TcoQ==",
      "license": "MIT",
      "dependencies": {
        "@opentelemetry/api": "^1.9.1",
        "@sentry/conventions": "^0.25.0",
        "@sentry/core": "11.4.0"
      },
      "engines": {
        "node": ">=20.19.0 <22.0.0 || >=22.12.0 <23.0.0 || >=23.2.0"
      }
    },
    "node_modules/async-mutex": {
      "version": "0.5.0",
      "resolved": "https://registry.npmjs.org/async-mutex/-/async-mutex-0.5.0.tgz",
      "integrity": "sha512-1A94B18jkJ3DYq284ohPxoXbfTA5HsQ7/Mf4DEhcyLx3Bz27Rh59iScbB6EPiP+B+joue6YCxcMXSbFC1tZKwA==",
      "license": "MIT",
      "dependencies": {
        "tslib": "^2.4.0"
      }
    },
    "node_modules/balanced-match": {
      "version": "4.0.4",
      "resolved": "https://registry.npmjs.org/balanced-match/-/balanced-match-4.0.4.tgz",
      "integrity": "sha512-BLrgEcRTwX2o6gGxGOCNyMvGSp35YofuYzw9h1IMTRmKqttAZZVU67bdb9Pr2vUHA8+j3i2tJfjO6C6+4myGTA==",
      "license": "MIT",
      "engines": {
        "node": "18 || 20 || >=22"
      }
    },
    "node_modules/brace-expansion": {
      "version": "5.0.12",
      "resolved": "https://registry.npmjs.org/brace-expansion/-/brace-expansion-5.0.12.tgz",
      "integrity": "sha512-YovQ3rzhaLMIrDjNDMkNS01tea93qhEhG5xy8f6+R0l+dw3Ki+5sCoIoI942iuLZTHWogWktgwVDhU09iNEimQ==",
      "license": "MIT",
      "dependencies": {
        "balanced-match": "^4.0.2"
      },
      "engines": {
        "node": "20 || >=22"
      }
    },
    "node_modules/crossws": {
      "version": "0.4.6",
      "resolved": "https://registry.npmjs.org/crossws/-/crossws-0.4.6.tgz",
      "integrity": "sha512-/Wxe9Z007EbJ496j88nToZEvyPZ8PY/wjZJ18Agh/GCA9cYHyLbxtrpdFlFzAw3TV20F0SUYGl0g6PzChbwUrg==",
      "license": "MIT",
      "peerDependencies": {
        "srvx": ">=0.11.5"
      },
      "peerDependenciesMeta": {
        "srvx": {
          "optional": true
        }
      }
    },
    "node_modules/dotenv": {
      "version": "17.4.2",
      "resolved": "https://registry.npmjs.org/dotenv/-/dotenv-17.4.2.tgz",
      "integrity": "sha512-nI4U3TottKAcAD9LLud4Cb7b2QztQMUEfHbvhTH09bqXTxnSie8WnjPALV/WMCrJZ6UV/qHJ6L03OqO3LcdYZw==",
      "license": "BSD-2-Clause",
      "engines": {
        "node": ">=12"
      },
      "funding": {
        "url": "https://dotenvx.com"
      }
    },
    "node_modules/glob": {
      "version": "13.0.6",
      "resolved": "https://registry.npmjs.org/glob/-/glob-13.0.6.tgz",
      "integrity": "sha512-Wjlyrolmm8uDpm/ogGyXZXb1Z+Ca2B8NbJwqBVg0axK9GbBeoS7yGV6vjXnYdGm6X53iehEuxxbyiKp8QmN4Vw==",
      "license": "BlueOak-1.0.0",
      "dependencies": {
        "minimatch": "^10.2.2",
        "minipass": "^7.1.3",
        "path-scurry": "^2.0.2"
      },
      "engines": {
        "node": "18 || 20 || >=22"
      },
      "funding": {
        "url": "https://github.com/sponsors/isaacs"
      }
    },
    "node_modules/has-flag": {
      "version": "4.0.0",
      "resolved": "https://registry.npmjs.org/has-flag/-/has-flag-4.0.0.tgz",
      "integrity": "sha512-EykJT/Q1KjTWctppgIAgfSO0tKVuZUjhgMr17kqTumMl6Afv3EISleU7qZUzoXDFTAHTDC4NOoG/ZxU3EvlMPQ==",
      "license": "MIT",
      "engines": {
        "node": ">=8"
      }
    },
    "node_modules/isomorphic.js": {
      "version": "0.2.5",
      "resolved": "https://registry.npmjs.org/isomorphic.js/-/isomorphic.js-0.2.5.tgz",
      "integrity": "sha512-PIeMbHqMt4DnUP3MA/Flc0HElYjMXArsw1qwJZcm9sqR8mq3l8NYizFMty0pWwE/tzIGH3EKK5+jes5mAr85yw==",
      "license": "MIT",
      "funding": {
        "type": "GitHub Sponsors ❤",
        "url": "https://github.com/sponsors/dmonad"
      }
    },
    "node_modules/kleur": {
      "version": "4.1.5",
      "resolved": "https://registry.npmjs.org/kleur/-/kleur-4.1.5.tgz",
      "integrity": "sha512-o+NO+8WrRiQEE4/7nwRJhN1HWpVmJm511pBHUxPLtp0BUISzlBplORYSmTclCnJvQq2tKu/sgl3xVpkc7ZWuQQ==",
      "license": "MIT",
      "engines": {
        "node": ">=6"
      }
    },
    "node_modules/lib0": {
      "version": "0.2.117",
      "resolved": "https://registry.npmjs.org/lib0/-/lib0-0.2.117.tgz",
      "integrity": "sha512-DeXj9X5xDCjgKLU/7RR+/HQEVzuuEUiwldwOGsHK/sfAfELGWEyTcf0x+uOvCvK3O2zPmZePXWL85vtia6GyZw==",
      "license": "MIT",
      "dependencies": {
        "isomorphic.js": "^0.2.4"
      },
      "bin": {
        "0ecdsa-generate-keypair": "bin/0ecdsa-generate-keypair.js",
        "0gentesthtml": "bin/gentesthtml.js",
        "0serve": "bin/0serve.js"
      },
      "engines": {
        "node": ">=16"
      },
      "funding": {
        "type": "GitHub Sponsors ❤",
        "url": "https://github.com/sponsors/dmonad"
      }
    },
    "node_modules/lru-cache": {
      "version": "11.5.3",
      "resolved": "https://registry.npmjs.org/lru-cache/-/lru-cache-11.5.3.tgz",
      "integrity": "sha512-U4N8FgzmWxc8k1VH8Kr6lQg18U7Fjvby6wXHVRX/ZZ7IwWbRMgrRbP0Wrb5q5NVinryp4SQampHKdvtecItxUg==",
      "license": "BlueOak-1.0.0",
      "engines": {
        "node": "20 || >=22"
      }
    },
    "node_modules/magic-string": {
      "version": "1.4.2",
      "resolved": "https://registry.npmjs.org/magic-string/-/magic-string-1.4.2.tgz",
      "integrity": "sha512-vG+rjFRj1PqdIBozIxAGMjPlOhaVe+GXpbttY/iSK7rGcJRMlwNJO7dcUwmUqkymsFLJiNGI06t4D7Fr7yRC9g==",
      "license": "MIT",
      "dependencies": {
        "@jridgewell/sourcemap-codec": "^1.6.0"
      }
    },
    "node_modules/minimatch": {
      "version": "10.2.6",
      "resolved": "https://registry.npmjs.org/minimatch/-/minimatch-10.2.6.tgz",
      "integrity": "sha512-vpLQEs+VLCr1nU0BXS07maYoFwlDAH0gngQuuttxIwutDFEMHq2blX+8vpgxDdK3J1PwjCJiep77OitTZ4Ll1A==",
      "license": "BlueOak-1.0.0",
      "dependencies": {
        "brace-expansion": "^5.0.8"
      },
      "engines": {
        "node": "18 || 20 || >=22"
      },
      "funding": {
        "url": "https://github.com/sponsors/isaacs"
      }
    },
    "node_modules/minipass": {
      "version": "7.1.3",
      "resolved": "https://registry.npmjs.org/minipass/-/minipass-7.1.3.tgz",
      "integrity": "sha512-tEBHqDnIoM/1rXME1zgka9g6Q2lcoCkxHLuc7ODJ5BxbP5d4c2Z5cGgtXAku59200Cx7diuHTOYfSBD8n6mm8A==",
      "license": "BlueOak-1.0.0",
      "engines": {
        "node": ">=16 || 14 >=14.17"
      }
    },
    "node_modules/oxc-parser": {
      "version": "0.152.0",
      "resolved": "https://registry.npmjs.org/oxc-parser/-/oxc-parser-0.152.0.tgz",
      "integrity": "sha512-ZztsZgaCWmPeKYMdoTT5e0oV/oxD1NeLWNR3kAtr/G707cUPYaaozRlVDHLCGnszHJRszN9mJwmPNpqgwloC0A==",
      "license": "MIT",
      "dependencies": {
        "@oxc-project/types": "^0.152.0"
      },
      "engines": {
        "node": "^20.19.0 || >=22.12.0"
      },
      "funding": {
        "url": "https://github.com/sponsors/oxc-project"
      },
      "optionalDependencies": {
        "@oxc-parser/binding-android-arm-eabi": "0.152.0",
        "@oxc-parser/binding-android-arm64": "0.152.0",
        "@oxc-parser/binding-darwin-arm64": "0.152.0",
        "@oxc-parser/binding-darwin-x64": "0.152.0",
        "@oxc-parser/binding-freebsd-x64": "0.152.0",
        "@oxc-parser/binding-linux-arm-gnueabihf": "0.152.0",
        "@oxc-parser/binding-linux-arm-musleabihf": "0.152.0",
        "@oxc-parser/binding-linux-arm64-gnu": "0.152.0",
        "@oxc-parser/binding-linux-arm64-musl": "0.152.0",
        "@oxc-parser/binding-linux-ppc64-gnu": "0.152.0",
        "@oxc-parser/binding-linux-riscv64-gnu": "0.152.0",
        "@oxc-parser/binding-linux-riscv64-musl": "0.152.0",
        "@oxc-parser/binding-linux-s390x-gnu": "0.152.0",
        "@oxc-parser/binding-linux-x64-gnu": "0.152.0",
        "@oxc-parser/binding-linux-x64-musl": "0.152.0",
        "@oxc-parser/binding-openharmony-arm64": "0.152.0",
        "@oxc-parser/binding-win32-arm64-msvc": "0.152.0",
        "@oxc-parser/binding-win32-ia32-msvc": "0.152.0",
        "@oxc-parser/binding-win32-x64-msvc": "0.152.0"
      }
    },
    "node_modules/path-scurry": {
      "version": "2.0.2",
      "resolved": "https://registry.npmjs.org/path-scurry/-/path-scurry-2.0.2.tgz",
      "integrity": "sha512-3O/iVVsJAPsOnpwWIeD+d6z/7PmqApyQePUtCndjatj/9I5LylHvt5qluFaBT3I5h3r1ejfR056c+FCv+NnNXg==",
      "license": "BlueOak-1.0.0",
      "dependencies": {
        "lru-cache": "^11.0.0",
        "minipass": "^7.1.2"
      },
      "engines": {
        "node": "18 || 20 || >=22"
      },
      "funding": {
        "url": "https://github.com/sponsors/isaacs"
      }
    },
    "node_modules/sentry": {
      "version": "0.45.0",
      "resolved": "https://registry.npmjs.org/sentry/-/sentry-0.45.0.tgz",
      "integrity": "sha512-kgmEbLlC22lL7uneeUm9Sjz65rp5cvwYOMTxXbZCmBum4sbVre/lLT3zTV3kwXHJ9/BM8ZS0/GhZe9Cl1t6WyA==",
      "license": "FSL-1.1-Apache-2.0",
      "bin": {
        "sentry": "dist/bin.cjs"
      },
      "engines": {
        "node": ">=20.0"
      }
    },
    "node_modules/supports-color": {
      "version": "8.1.1",
      "resolved": "https://registry.npmjs.org/supports-color/-/supports-color-8.1.1.tgz",
      "integrity": "sha512-MpUEN2OodtUzxvKQl72cUF7RQ5EiHsGvSsVG0ia9c5RbWGL2CI4C7EpPS8UTBIplnlzZiNuV56w+FuNxy3ty2Q==",
      "license": "MIT",
      "dependencies": {
        "has-flag": "^4.0.0"
      },
      "engines": {
        "node": ">=10"
      },
      "funding": {
        "url": "https://github.com/chalk/supports-color?sponsor=1"
      }
    },
    "node_modules/tslib": {
      "version": "2.8.1",
      "resolved": "https://registry.npmjs.org/tslib/-/tslib-2.8.1.tgz",
      "integrity": "sha512-oJFu94HQb+KVduSUQL7wnpmqnfmLsOA/nAh6b6EH0wCEoK0/mPeXU6c3wKDV83MkOuHPRHtSXKKU99IBazS/2w==",
      "license": "0BSD"
    },
    "node_modules/y-protocols": {
      "version": "1.0.7",
      "resolved": "https://registry.npmjs.org/y-protocols/-/y-protocols-1.0.7.tgz",
      "integrity": "sha512-YSVsLoXxO67J6eE/nV4AtFtT3QEotZf5sK5BHxFBXso7VDUT3Tx07IfA6hsu5Q5OmBdMkQVmFZ9QOA7fikWvnw==",
      "license": "MIT",
      "peer": true,
      "dependencies": {
        "lib0": "^0.2.85"
      },
      "engines": {
        "node": ">=16.0.0",
        "npm": ">=8.0.0"
      },
      "funding": {
        "type": "GitHub Sponsors ❤",
        "url": "https://github.com/sponsors/dmonad"
      },
      "peerDependencies": {
        "yjs": "^13.0.0"
      }
    },
    "node_modules/yjs": {
      "version": "13.6.29",
      "resolved": "https://registry.npmjs.org/yjs/-/yjs-13.6.29.tgz",
      "integrity": "sha512-kHqDPdltoXH+X4w1lVmMtddE3Oeqq48nM40FD5ojTd8xYhQpzIDcfE2keMSU5bAgRPJBe225WTUdyUgj1DtbiQ==",
      "license": "MIT",
      "peer": true,
      "dependencies": {
        "lib0": "^0.2.99"
      },
      "engines": {
        "node": ">=16.0.0",
        "npm": ">=8.0.0"
      },
      "funding": {
        "type": "GitHub Sponsors ❤",
        "url": "https://github.com/sponsors/dmonad"
      }
    }
  }
}
