{
  "name": "loomio-hocuspocus",
  "version": "1.0.0",
  "lockfileVersion": 3,
  "requires": true,
  "packages": {
    "": {
      "name": "loomio-hocuspocus",
      "version": "1.0.0",
      "dependencies": {
        "@hocuspocus/server": "^4.7.0",
        "@sentry/node": "^11.1.0"
      },
      "engines": {
        "node": "24",
        "npm": "11.16.0"
      }
    },
    "node_modules/@hocuspocus/common": {
      "version": "4.7.0",
      "resolved": "https://registry.npmjs.org/@hocuspocus/common/-/common-4.7.0.tgz",
      "integrity": "sha512-KyS6dXoIcWsd+v3gwd6nnZW04M77df5XstPNkOwqoDxwuncygobEN7xsf0x2PmdvlQdQyRaLm2SF4r1GZZGRnA==",
      "license": "MIT",
      "dependencies": {
        "lib0": "^0.2.117"
      }
    },
    "node_modules/@hocuspocus/server": {
      "version": "4.7.0",
      "resolved": "https://registry.npmjs.org/@hocuspocus/server/-/server-4.7.0.tgz",
      "integrity": "sha512-rlHSxGXEkYvHgQa9Q8prjMHChIl7daZlXL1pezifS8j+svLHQPKLfevNBxFKc+ZW5pLpUiUJGU++O8eJlSt3Ew==",
      "license": "MIT",
      "dependencies": {
        "@hocuspocus/common": "^4.7.0",
        "async-mutex": "^0.5.0",
        "crossws": "^0.4.4",
        "kleur": "^4.1.5",
        "lib0": "^0.2.117"
      },
      "engines": {
        "node": ">=22"
      },
      "peerDependencies": {
        "y-protocols": "^1.0.6",
        "yjs": "^13.6.8"
      }
    },
    "node_modules/@jridgewell/sourcemap-codec": {
      "version": "1.6.0",
      "resolved": "https://registry.npmjs.org/@jridgewell/sourcemap-codec/-/sourcemap-codec-1.6.0.tgz",
      "integrity": "sha512-T7jf+5zgsZHwNJ4lvQ7/aezbyk0nNX+zJVWpmHA7VYsEx7a7qr5Rg5IbtJFqkgze5Y2sruq1RUY8Q837Od7iFw==",
      "license": "MIT"
    },
    "node_modules/@opentelemetry/api": {
      "version": "1.9.1",
      "resolved": "https://registry.npmjs.org/@opentelemetry/api/-/api-1.9.1.tgz",
      "integrity": "sha512-gLyJlPHPZYdAk1JENA9LeHejZe1Ti77/pTeFm/nMXmQH/HFZlcS/O2XJB+L8fkbrNSqhdtlvjBVjxwUYanNH5Q==",
      "license": "Apache-2.0",
      "engines": {
        "node": ">=8.0.0"
      }
    },
    "node_modules/@oxc-parser/binding-android-arm-eabi": {
      "version": "0.143.0",
      "resolved": "https://registry.npmjs.org/@oxc-parser/binding-android-arm-eabi/-/binding-android-arm-eabi-0.143.0.tgz",
      "integrity": "sha512-n9uozULWflPqBtdmI8lAabLqGKNgLVNN0ZH8HfgCwpKGNtzRzauB76jTiW/3YLkcA7N1zskpi9GdVnZuu1SAvg==",
      "cpu": [
        "arm"
      ],
      "license": "MIT",
      "optional": true,
      "os": [
        "android"
      ],
      "engines": {
        "node": "^20.19.0 || >=22.12.0"
      }
    },
    "node_modules/@oxc-parser/binding-android-arm64": {
      "version": "0.143.0",
      "resolved": "https://registry.npmjs.org/@oxc-parser/binding-android-arm64/-/binding-android-arm64-0.143.0.tgz",
      "integrity": "sha512-9BbdjHETk6O3zH/DDid9IgBtF0GlpLabNKN231uraXpRDSfY+iiZxTP5bk1Z63GBownVdhdINFIeddmMz4MzpQ==",
      "cpu": [
        "arm64"
      ],
      "license": "MIT",
      "optional": true,
      "os": [
        "android"
      ],
      "engines": {
        "node": "^20.19.0 || >=22.12.0"
      }
    },
    "node_modules/@oxc-parser/binding-darwin-arm64": {
      "version": "0.143.0",
      "resolved": "https://registry.npmjs.org/@oxc-parser/binding-darwin-arm64/-/binding-darwin-arm64-0.143.0.tgz",
      "integrity": "sha512-gh+6ecoHUy4/sUcolBl/1qPXKBbYNxFY0Pk0ujgQvINTMSftJY7o4yb8gOkDJPeZeB8+a+u7xTe6umoP8N5HFA==",
      "cpu": [
        "arm64"
      ],
      "license": "MIT",
      "optional": true,
      "os": [
        "darwin"
      ],
      "engines": {
        "node": "^20.19.0 || >=22.12.0"
      }
    },
    "node_modules/@oxc-parser/binding-darwin-x64": {
      "version": "0.143.0",
      "resolved": "https://registry.npmjs.org/@oxc-parser/binding-darwin-x64/-/binding-darwin-x64-0.143.0.tgz",
      "integrity": "sha512-qd1hl2d+lXgHv/VQ/M9qm8TrMC5T4RqDBwtOnl+1D0QMjwcz+8AaB4JSg8STgeag0GP6a6L74XEGAsrTSJWNzQ==",
      "cpu": [
        "x64"
      ],
      "license": "MIT",
      "optional": true,
      "os": [
        "darwin"
      ],
      "engines": {
        "node": "^20.19.0 || >=22.12.0"
      }
    },
    "node_modules/@oxc-parser/binding-freebsd-x64": {
      "version": "0.143.0",
      "resolved": "https://registry.npmjs.org/@oxc-parser/binding-freebsd-x64/-/binding-freebsd-x64-0.143.0.tgz",
      "integrity": "sha512-M5XXcNa7aOqLPKTR41msfghKu2yQ4xWvCm11/gwU0JzOzHNk5sgW//rVEjJ+LO48+VDAMzXTSzurUVxIDKwozw==",
      "cpu": [
        "x64"
      ],
      "license": "MIT",
      "optional": true,
      "os": [
        "freebsd"
      ],
      "engines": {
        "node": "^20.19.0 || >=22.12.0"
      }
    },
    "node_modules/@oxc-parser/binding-linux-arm-gnueabihf": {
      "version": "0.143.0",
      "resolved": "https://registry.npmjs.org/@oxc-parser/binding-linux-arm-gnueabihf/-/binding-linux-arm-gnueabihf-0.143.0.tgz",
      "integrity": "sha512-T/GXusuOkPNQhCQCSBbcU/N8j0rAypuDBl1IyFK+lyYT594XsVz80clPC/OtbSSpBGyJxj8uYEfctxVuxVYoww==",
      "cpu": [
        "arm"
      ],
      "license": "MIT",
      "optional": true,
      "os": [
        "linux"
      ],
      "engines": {
        "node": "^20.19.0 || >=22.12.0"
      }
    },
    "node_modules/@oxc-parser/binding-linux-arm-musleabihf": {
      "version": "0.143.0",
      "resolved": "https://registry.npmjs.org/@oxc-parser/binding-linux-arm-musleabihf/-/binding-linux-arm-musleabihf-0.143.0.tgz",
      "integrity": "sha512-oKu4RcBlXSqo3OC62dp6YTnQaZIurNDpCX3BnAM3+bJxt7s8J2TJKMnC0UYer1qhlRaDCg6wkTaTw+2IlsZ12w==",
      "cpu": [
        "arm"
      ],
      "license": "MIT",
      "optional": true,
      "os": [
        "linux"
      ],
      "engines": {
        "node": "^20.19.0 || >=22.12.0"
      }
    },
    "node_modules/@oxc-parser/binding-linux-arm64-gnu": {
      "version": "0.143.0",
      "resolved": "https://registry.npmjs.org/@oxc-parser/binding-linux-arm64-gnu/-/binding-linux-arm64-gnu-0.143.0.tgz",
      "integrity": "sha512-WJBbD186AZmMGaSIhlktC+rPl8L3peCTXAh88Ih9uEvK0en2mPojGyCGYiL6mHtV1RPV3JyfJW5t6n5hh0lXhA==",
      "cpu": [
        "arm64"
      ],
      "libc": [
        "glibc"
      ],
      "license": "MIT",
      "optional": true,
      "os": [
        "linux"
      ],
      "engines": {
        "node": "^20.19.0 || >=22.12.0"
      }
    },
    "node_modules/@oxc-parser/binding-linux-arm64-musl": {
      "version": "0.143.0",
      "resolved": "https://registry.npmjs.org/@oxc-parser/binding-linux-arm64-musl/-/binding-linux-arm64-musl-0.143.0.tgz",
      "integrity": "sha512-t1AcYOwEzgceadT4v5e+vaCCb0AncCA3v5AyzfBAz/tMq11qzVccXKzNHtkWdjBsgvTKwRkaUF3QvT4kot8vcQ==",
      "cpu": [
        "arm64"
      ],
      "libc": [
        "musl"
      ],
      "license": "MIT",
      "optional": true,
      "os": [
        "linux"
      ],
      "engines": {
        "node": "^20.19.0 || >=22.12.0"
      }
    },
    "node_modules/@oxc-parser/binding-linux-ppc64-gnu": {
      "version": "0.143.0",
      "resolved": "https://registry.npmjs.org/@oxc-parser/binding-linux-ppc64-gnu/-/binding-linux-ppc64-gnu-0.143.0.tgz",
      "integrity": "sha512-RsnO/NoD8376LMJq8JS8TwI0ieNaFRTuNe2GVJntQg6gwZNMENZsEbknHdVwjpOmxdGLGodcwaGSbAeRr5Bgjw==",
      "cpu": [
        "ppc64"
      ],
      "libc": [
        "glibc"
      ],
      "license": "MIT",
      "optional": true,
      "os": [
        "linux"
      ],
      "engines": {
        "node": "^20.19.0 || >=22.12.0"
      }
    },
    "node_modules/@oxc-parser/binding-linux-riscv64-gnu": {
      "version": "0.143.0",
      "resolved": "https://registry.npmjs.org/@oxc-parser/binding-linux-riscv64-gnu/-/binding-linux-riscv64-gnu-0.143.0.tgz",
      "integrity": "sha512-48fSVfR9TZi5CASZFyv0VC6z6BCoeihFsX031mAD/oSH7d9PYsPgIqza7d9mjP7Z2KTEpTFyH6SIu0Ui6R1vdg==",
      "cpu": [
        "riscv64"
      ],
      "libc": [
        "glibc"
      ],
      "license": "MIT",
      "optional": true,
      "os": [
        "linux"
      ],
      "engines": {
        "node": "^20.19.0 || >=22.12.0"
      }
    },
    "node_modules/@oxc-parser/binding-linux-riscv64-musl": {
      "version": "0.143.0",
      "resolved": "https://registry.npmjs.org/@oxc-parser/binding-linux-riscv64-musl/-/binding-linux-riscv64-musl-0.143.0.tgz",
      "integrity": "sha512-T8CpdD+SfE01DnIOD4HpVxu0ZJOfMJ/VhCvikKfaXAxkZ+9veyLM/D2hpi7Y2hFUyPmVQO3FNZHmYzV/WlVR4g==",
      "cpu": [
        "riscv64"
      ],
      "libc": [
        "musl"
      ],
      "license": "MIT",
      "optional": true,
      "os": [
        "linux"
      ],
      "engines": {
        "node": "^20.19.0 || >=22.12.0"
      }
    },
    "node_modules/@oxc-parser/binding-linux-s390x-gnu": {
      "version": "0.143.0",
      "resolved": "https://registry.npmjs.org/@oxc-parser/binding-linux-s390x-gnu/-/binding-linux-s390x-gnu-0.143.0.tgz",
      "integrity": "sha512-QLdeMsCcacenPEFsfxnBUDF1y6opyz5+fmOz9bfD5Y7fiGCMupUCuB3KTPQhNwshIG1P9fPqar9MHxuBDd4bwQ==",
      "cpu": [
        "s390x"
      ],
      "libc": [
        "glibc"
      ],
      "license": "MIT",
      "optional": true,
      "os": [
        "linux"
      ],
      "engines": {
        "node": "^20.19.0 || >=22.12.0"
      }
    },
    "node_modules/@oxc-parser/binding-linux-x64-gnu": {
      "version": "0.143.0",
      "resolved": "https://registry.npmjs.org/@oxc-parser/binding-linux-x64-gnu/-/binding-linux-x64-gnu-0.143.0.tgz",
      "integrity": "sha512-659ujfqLy6k7cuH3sbzhd8b+ztSq+i6E2E9pG78Q0BmHjAExfGIdgc8cGgMdwAozDXeZFHkJ+LXYJdWsaGdgyw==",
      "cpu": [
        "x64"
      ],
      "libc": [
        "glibc"
      ],
      "license": "MIT",
      "optional": true,
      "os": [
        "linux"
      ],
      "engines": {
        "node": "^20.19.0 || >=22.12.0"
      }
    },
    "node_modules/@oxc-parser/binding-linux-x64-musl": {
      "version": "0.143.0",
      "resolved": "https://registry.npmjs.org/@oxc-parser/binding-linux-x64-musl/-/binding-linux-x64-musl-0.143.0.tgz",
      "integrity": "sha512-/Mw/9j4TfZcnKphPrzOE6t4MMknXadcAAuVUlDRTF/ETWB5xOgQvOJV2Mh9We/bWxZdoxaGAdc+hy4GuYwQ2yQ==",
      "cpu": [
        "x64"
      ],
      "libc": [
        "musl"
      ],
      "license": "MIT",
      "optional": true,
      "os": [
        "linux"
      ],
      "engines": {
        "node": "^20.19.0 || >=22.12.0"
      }
    },
    "node_modules/@oxc-parser/binding-openharmony-arm64": {
      "version": "0.143.0",
      "resolved": "https://registry.npmjs.org/@oxc-parser/binding-openharmony-arm64/-/binding-openharmony-arm64-0.143.0.tgz",
      "integrity": "sha512-8rIKWR2BFuifbIK/1XB9wTaSdtuJ25dlE7ZQYDnEwj/2xH2vHsxnvIjHT3ZjSVuLLwGGlSslIG/fbOJ8TV8rTw==",
      "cpu": [
        "arm64"
      ],
      "license": "MIT",
      "optional": true,
      "os": [
        "openharmony"
      ],
      "engines": {
        "node": "^20.19.0 || >=22.12.0"
      }
    },
    "node_modules/@oxc-parser/binding-win32-arm64-msvc": {
      "version": "0.143.0",
      "resolved": "https://registry.npmjs.org/@oxc-parser/binding-win32-arm64-msvc/-/binding-win32-arm64-msvc-0.143.0.tgz",
      "integrity": "sha512-5U9kQYMfRRI6Zq7KDxgbIP0RMnKrfn3gLepRMgJuRkPSUALTiRCk9d/uyhb4lGDjUdzwK7mBkKqhLgzBPCmLpQ==",
      "cpu": [
        "arm64"
      ],
      "license": "MIT",
      "optional": true,
      "os": [
        "win32"
      ],
      "engines": {
        "node": "^20.19.0 || >=22.12.0"
      }
    },
    "node_modules/@oxc-parser/binding-win32-ia32-msvc": {
      "version": "0.143.0",
      "resolved": "https://registry.npmjs.org/@oxc-parser/binding-win32-ia32-msvc/-/binding-win32-ia32-msvc-0.143.0.tgz",
      "integrity": "sha512-25P7AaHk4R88Yv2XH4gToDVmh0cOu+bEURQU10CRrmvgabfRArSGAP5osmwUKeSUHj0VS50upbpbRWWW/m7mHA==",
      "cpu": [
        "ia32"
      ],
      "license": "MIT",
      "optional": true,
      "os": [
        "win32"
      ],
      "engines": {
        "node": "^20.19.0 || >=22.12.0"
      }
    },
    "node_modules/@oxc-parser/binding-win32-x64-msvc": {
      "version": "0.143.0",
      "resolved": "https://registry.npmjs.org/@oxc-parser/binding-win32-x64-msvc/-/binding-win32-x64-msvc-0.143.0.tgz",
      "integrity": "sha512-ORMh3JE1s6V7ySicdRK7vgaDQnn5o+UHg9ct989PlWHbel8O9ARrmWXM6kZjrBMtNucxNayQ8g69G0VfWzhANw==",
      "cpu": [
        "x64"
      ],
      "license": "MIT",
      "optional": true,
      "os": [
        "win32"
      ],
      "engines": {
        "node": "^20.19.0 || >=22.12.0"
      }
    },
    "node_modules/@oxc-project/types": {
      "version": "0.143.0",
      "resolved": "https://registry.npmjs.org/@oxc-project/types/-/types-0.143.0.tgz",
      "integrity": "sha512-u6JZdLBTLotrNC9Vd6vPssINdzcCzleKAH6EJKImQb7GtYvX5keN2dxkoK44stCc4tffE6QQRtZTXVSzsLUlWA==",
      "license": "MIT",
      "funding": {
        "url": "https://github.com/sponsors/Boshen"
      }
    },
    "node_modules/@sentry/bundler-plugins": {
      "version": "11.1.0",
      "resolved": "https://registry.npmjs.org/@sentry/bundler-plugins/-/bundler-plugins-11.1.0.tgz",
      "integrity": "sha512-0p22SeSdyCnr7PaFkSHZnOzc8lpPlkiA+rsjye9JACR9Hd/n7e9Ssvanw19R7LdqS05foYQSViJIsrVbk45Y3w==",
      "license": "MIT",
      "dependencies": {
        "@sentry/core": "11.1.0",
        "dotenv": "^17.4.2",
        "glob": "^13.0.6",
        "magic-string": "~0.30.8",
        "oxc-parser": "^0.143.0",
        "sentry": "^0.44.0",
        "supports-color": "^8.1.1"
      },
      "engines": {
        "node": ">=20.19.0 <22.0.0 || >=22.12.0 <23.0.0 || >=23.2.0"
      },
      "peerDependencies": {
        "@babel/core": "^7.18.5",
        "rollup": ">=3.2.0",
        "webpack": ">=5.1.0"
      },
      "peerDependenciesMeta": {
        "@babel/core": {
          "optional": true
        },
        "rollup": {
          "optional": true
        },
        "webpack": {
          "optional": true
        }
      }
    },
    "node_modules/@sentry/conventions": {
      "version": "0.24.0",
      "resolved": "https://registry.npmjs.org/@sentry/conventions/-/conventions-0.24.0.tgz",
      "integrity": "sha512-pmmF2mLy7A23z8gnLRG87lYu4SSPIBColtfqu9cfkh1omn/0CI3w0/AqZ/uf/VGAtM/wJMN61J58Ks/IWBCHpQ==",
      "license": "MIT",
      "engines": {
        "node": ">=14"
      }
    },
    "node_modules/@sentry/core": {
      "version": "11.1.0",
      "resolved": "https://registry.npmjs.org/@sentry/core/-/core-11.1.0.tgz",
      "integrity": "sha512-ObM47oMWxRQiVxUdkV6bs2BeHxPVWim571hw1iT3suyAc8iRfJ27f+QdIdmDKZtvHFGJ0Vh/LpeTZP5Z8FXyEA==",
      "license": "MIT",
      "dependencies": {
        "@sentry/conventions": "^0.24.0"
      },
      "engines": {
        "node": ">=20.19.0 <22.0.0 || >=22.12.0 <23.0.0 || >=23.2.0"
      }
    },
    "node_modules/@sentry/node": {
      "version": "11.1.0",
      "resolved": "https://registry.npmjs.org/@sentry/node/-/node-11.1.0.tgz",
      "integrity": "sha512-8QPZILpVGkggpCe1Qt9VaPQ8UWy6EAVY/94HB2EWqSn6Xx9J7f3pMlncxOQfwv09S7iZDs1Lmfj/Zf7iftinZw==",
      "license": "MIT",
      "dependencies": {
        "@opentelemetry/api": "^1.9.1",
        "@sentry/bundler-plugins": "11.1.0",
        "@sentry/conventions": "^0.24.0",
        "@sentry/core": "11.1.0",
        "@sentry/opentelemetry": "11.1.0",
        "@sentry/server-runtime-injection": "11.1.0",
        "@sentry/server-utils": "11.1.0"
      },
      "engines": {
        "node": ">=20.19.0 <22.0.0 || >=22.12.0 <23.0.0 || >=23.2.0"
      }
    },
    "node_modules/@sentry/opentelemetry": {
      "version": "11.1.0",
      "resolved": "https://registry.npmjs.org/@sentry/opentelemetry/-/opentelemetry-11.1.0.tgz",
      "integrity": "sha512-ZFRwYDSuTIzpS1yOFTMn6p568tQW8k7KIjwzlI8VMOYYAEDkXQK+D/ZUGedSA/iu9fbiZXX+/wFfKqk7AYIiGg==",
      "license": "MIT",
      "dependencies": {
        "@sentry/conventions": "^0.24.0",
        "@sentry/core": "11.1.0"
      },
      "engines": {
        "node": ">=20.19.0 <22.0.0 || >=22.12.0 <23.0.0 || >=23.2.0"
      },
      "peerDependencies": {
        "@opentelemetry/api": "^1.9.0"
      }
    },
    "node_modules/@sentry/server-runtime-injection": {
      "version": "11.1.0",
      "resolved": "https://registry.npmjs.org/@sentry/server-runtime-injection/-/server-runtime-injection-11.1.0.tgz",
      "integrity": "sha512-tp5ihEibsCQG/qTqL7yqU3PXQLsXM9Nm+ELPMy6hptkyuiOCuDOXpAzthWcSDHVIdBYIC7iUPmpcZihfTXx6Mw==",
      "license": "MIT",
      "dependencies": {
        "@sentry/core": "11.1.0",
        "@sentry/server-utils": "11.1.0"
      },
      "engines": {
        "node": ">=20.19.0 <22.0.0 || >=22.12.0 <23.0.0 || >=23.2.0"
      }
    },
    "node_modules/@sentry/server-utils": {
      "version": "11.1.0",
      "resolved": "https://registry.npmjs.org/@sentry/server-utils/-/server-utils-11.1.0.tgz",
      "integrity": "sha512-5IQtU8SommZyTZgJxZFunQQHay8Vq78D8P0qP9ggQ1hTa6GU6kQKBDDN8eNayUA/Hl2qPei/LAmvmyiZNDIJ0Q==",
      "license": "MIT",
      "dependencies": {
        "@opentelemetry/api": "^1.9.1",
        "@sentry/conventions": "^0.24.0",
        "@sentry/core": "11.1.0"
      },
      "engines": {
        "node": ">=20.19.0 <22.0.0 || >=22.12.0 <23.0.0 || >=23.2.0"
      }
    },
    "node_modules/async-mutex": {
      "version": "0.5.0",
      "resolved": "https://registry.npmjs.org/async-mutex/-/async-mutex-0.5.0.tgz",
      "integrity": "sha512-1A94B18jkJ3DYq284ohPxoXbfTA5HsQ7/Mf4DEhcyLx3Bz27Rh59iScbB6EPiP+B+joue6YCxcMXSbFC1tZKwA==",
      "license": "MIT",
      "dependencies": {
        "tslib": "^2.4.0"
      }
    },
    "node_modules/balanced-match": {
      "version": "4.0.4",
      "resolved": "https://registry.npmjs.org/balanced-match/-/balanced-match-4.0.4.tgz",
      "integrity": "sha512-BLrgEcRTwX2o6gGxGOCNyMvGSp35YofuYzw9h1IMTRmKqttAZZVU67bdb9Pr2vUHA8+j3i2tJfjO6C6+4myGTA==",
      "license": "MIT",
      "engines": {
        "node": "18 || 20 || >=22"
      }
    },
    "node_modules/brace-expansion": {
      "version": "5.0.12",
      "resolved": "https://registry.npmjs.org/brace-expansion/-/brace-expansion-5.0.12.tgz",
      "integrity": "sha512-YovQ3rzhaLMIrDjNDMkNS01tea93qhEhG5xy8f6+R0l+dw3Ki+5sCoIoI942iuLZTHWogWktgwVDhU09iNEimQ==",
      "license": "MIT",
      "dependencies": {
        "balanced-match": "^4.0.2"
      },
      "engines": {
        "node": "20 || >=22"
      }
    },
    "node_modules/crossws": {
      "version": "0.4.6",
      "resolved": "https://registry.npmjs.org/crossws/-/crossws-0.4.6.tgz",
      "integrity": "sha512-/Wxe9Z007EbJ496j88nToZEvyPZ8PY/wjZJ18Agh/GCA9cYHyLbxtrpdFlFzAw3TV20F0SUYGl0g6PzChbwUrg==",
      "license": "MIT",
      "peerDependencies": {
        "srvx": ">=0.11.5"
      },
      "peerDependenciesMeta": {
        "srvx": {
          "optional": true
        }
      }
    },
    "node_modules/dotenv": {
      "version": "17.4.2",
      "resolved": "https://registry.npmjs.org/dotenv/-/dotenv-17.4.2.tgz",
      "integrity": "sha512-nI4U3TottKAcAD9LLud4Cb7b2QztQMUEfHbvhTH09bqXTxnSie8WnjPALV/WMCrJZ6UV/qHJ6L03OqO3LcdYZw==",
      "license": "BSD-2-Clause",
      "engines": {
        "node": ">=12"
      },
      "funding": {
        "url": "https://dotenvx.com"
      }
    },
    "node_modules/glob": {
      "version": "13.0.6",
      "resolved": "https://registry.npmjs.org/glob/-/glob-13.0.6.tgz",
      "integrity": "sha512-Wjlyrolmm8uDpm/ogGyXZXb1Z+Ca2B8NbJwqBVg0axK9GbBeoS7yGV6vjXnYdGm6X53iehEuxxbyiKp8QmN4Vw==",
      "license": "BlueOak-1.0.0",
      "dependencies": {
        "minimatch": "^10.2.2",
        "minipass": "^7.1.3",
        "path-scurry": "^2.0.2"
      },
      "engines": {
        "node": "18 || 20 || >=22"
      },
      "funding": {
        "url": "https://github.com/sponsors/isaacs"
      }
    },
    "node_modules/has-flag": {
      "version": "4.0.0",
      "resolved": "https://registry.npmjs.org/has-flag/-/has-flag-4.0.0.tgz",
      "integrity": "sha512-EykJT/Q1KjTWctppgIAgfSO0tKVuZUjhgMr17kqTumMl6Afv3EISleU7qZUzoXDFTAHTDC4NOoG/ZxU3EvlMPQ==",
      "license": "MIT",
      "engines": {
        "node": ">=8"
      }
    },
    "node_modules/isomorphic.js": {
      "version": "0.2.5",
      "resolved": "https://registry.npmjs.org/isomorphic.js/-/isomorphic.js-0.2.5.tgz",
      "integrity": "sha512-PIeMbHqMt4DnUP3MA/Flc0HElYjMXArsw1qwJZcm9sqR8mq3l8NYizFMty0pWwE/tzIGH3EKK5+jes5mAr85yw==",
      "license": "MIT",
      "funding": {
        "type": "GitHub Sponsors ❤",
        "url": "https://github.com/sponsors/dmonad"
      }
    },
    "node_modules/kleur": {
      "version": "4.1.5",
      "resolved": "https://registry.npmjs.org/kleur/-/kleur-4.1.5.tgz",
      "integrity": "sha512-o+NO+8WrRiQEE4/7nwRJhN1HWpVmJm511pBHUxPLtp0BUISzlBplORYSmTclCnJvQq2tKu/sgl3xVpkc7ZWuQQ==",
      "license": "MIT",
      "engines": {
        "node": ">=6"
      }
    },
    "node_modules/lib0": {
      "version": "0.2.117",
      "resolved": "https://registry.npmjs.org/lib0/-/lib0-0.2.117.tgz",
      "integrity": "sha512-DeXj9X5xDCjgKLU/7RR+/HQEVzuuEUiwldwOGsHK/sfAfELGWEyTcf0x+uOvCvK3O2zPmZePXWL85vtia6GyZw==",
      "license": "MIT",
      "dependencies": {
        "isomorphic.js": "^0.2.4"
      },
      "bin": {
        "0ecdsa-generate-keypair": "bin/0ecdsa-generate-keypair.js",
        "0gentesthtml": "bin/gentesthtml.js",
        "0serve": "bin/0serve.js"
      },
      "engines": {
        "node": ">=16"
      },
      "funding": {
        "type": "GitHub Sponsors ❤",
        "url": "https://github.com/sponsors/dmonad"
      }
    },
    "node_modules/lru-cache": {
      "version": "11.5.3",
      "resolved": "https://registry.npmjs.org/lru-cache/-/lru-cache-11.5.3.tgz",
      "integrity": "sha512-U4N8FgzmWxc8k1VH8Kr6lQg18U7Fjvby6wXHVRX/ZZ7IwWbRMgrRbP0Wrb5q5NVinryp4SQampHKdvtecItxUg==",
      "license": "BlueOak-1.0.0",
      "engines": {
        "node": "20 || >=22"
      }
    },
    "node_modules/magic-string": {
      "version": "0.30.21",
      "resolved": "https://registry.npmjs.org/magic-string/-/magic-string-0.30.21.tgz",
      "integrity": "sha512-vd2F4YUyEXKGcLHoq+TEyCjxueSeHnFxyyjNp80yg0XV4vUhnDer/lvvlqM/arB5bXQN5K2/3oinyCRyx8T2CQ==",
      "license": "MIT",
      "dependencies": {
        "@jridgewell/sourcemap-codec": "^1.5.5"
      }
    },
    "node_modules/minimatch": {
      "version": "10.2.6",
      "resolved": "https://registry.npmjs.org/minimatch/-/minimatch-10.2.6.tgz",
      "integrity": "sha512-vpLQEs+VLCr1nU0BXS07maYoFwlDAH0gngQuuttxIwutDFEMHq2blX+8vpgxDdK3J1PwjCJiep77OitTZ4Ll1A==",
      "license": "BlueOak-1.0.0",
      "dependencies": {
        "brace-expansion": "^5.0.8"
      },
      "engines": {
        "node": "18 || 20 || >=22"
      },
      "funding": {
        "url": "https://github.com/sponsors/isaacs"
      }
    },
    "node_modules/minipass": {
      "version": "7.1.3",
      "resolved": "https://registry.npmjs.org/minipass/-/minipass-7.1.3.tgz",
      "integrity": "sha512-tEBHqDnIoM/1rXME1zgka9g6Q2lcoCkxHLuc7ODJ5BxbP5d4c2Z5cGgtXAku59200Cx7diuHTOYfSBD8n6mm8A==",
      "license": "BlueOak-1.0.0",
      "engines": {
        "node": ">=16 || 14 >=14.17"
      }
    },
    "node_modules/oxc-parser": {
      "version": "0.143.0",
      "resolved": "https://registry.npmjs.org/oxc-parser/-/oxc-parser-0.143.0.tgz",
      "integrity": "sha512-ov0NzaDCOInknS7mP1cwKdJERt3utPW8ldjtdUXQ8Ty0GEFD08wk422vCUN0d7pST6kqtV7dxoI9w1Zi0l/9TA==",
      "license": "MIT",
      "dependencies": {
        "@oxc-project/types": "^0.143.0"
      },
      "engines": {
        "node": "^20.19.0 || >=22.12.0"
      },
      "funding": {
        "url": "https://github.com/sponsors/Boshen"
      },
      "optionalDependencies": {
        "@oxc-parser/binding-android-arm-eabi": "0.143.0",
        "@oxc-parser/binding-android-arm64": "0.143.0",
        "@oxc-parser/binding-darwin-arm64": "0.143.0",
        "@oxc-parser/binding-darwin-x64": "0.143.0",
        "@oxc-parser/binding-freebsd-x64": "0.143.0",
        "@oxc-parser/binding-linux-arm-gnueabihf": "0.143.0",
        "@oxc-parser/binding-linux-arm-musleabihf": "0.143.0",
        "@oxc-parser/binding-linux-arm64-gnu": "0.143.0",
        "@oxc-parser/binding-linux-arm64-musl": "0.143.0",
        "@oxc-parser/binding-linux-ppc64-gnu": "0.143.0",
        "@oxc-parser/binding-linux-riscv64-gnu": "0.143.0",
        "@oxc-parser/binding-linux-riscv64-musl": "0.143.0",
        "@oxc-parser/binding-linux-s390x-gnu": "0.143.0",
        "@oxc-parser/binding-linux-x64-gnu": "0.143.0",
        "@oxc-parser/binding-linux-x64-musl": "0.143.0",
        "@oxc-parser/binding-openharmony-arm64": "0.143.0",
        "@oxc-parser/binding-win32-arm64-msvc": "0.143.0",
        "@oxc-parser/binding-win32-ia32-msvc": "0.143.0",
        "@oxc-parser/binding-win32-x64-msvc": "0.143.0"
      }
    },
    "node_modules/path-scurry": {
      "version": "2.0.2",
      "resolved": "https://registry.npmjs.org/path-scurry/-/path-scurry-2.0.2.tgz",
      "integrity": "sha512-3O/iVVsJAPsOnpwWIeD+d6z/7PmqApyQePUtCndjatj/9I5LylHvt5qluFaBT3I5h3r1ejfR056c+FCv+NnNXg==",
      "license": "BlueOak-1.0.0",
      "dependencies": {
        "lru-cache": "^11.0.0",
        "minipass": "^7.1.2"
      },
      "engines": {
        "node": "18 || 20 || >=22"
      },
      "funding": {
        "url": "https://github.com/sponsors/isaacs"
      }
    },
    "node_modules/sentry": {
      "version": "0.44.1",
      "resolved": "https://registry.npmjs.org/sentry/-/sentry-0.44.1.tgz",
      "integrity": "sha512-LK+RJ2PFsJKM+P0D/zYC+M5gFB1ytfVONU9DVUqJu67YFlwnj3wGJkUzBhCS8R4iUqRdRTAYbFbRKTAe03rW/Q==",
      "license": "FSL-1.1-Apache-2.0",
      "bin": {
        "sentry": "dist/bin.cjs"
      },
      "engines": {
        "node": ">=20.0"
      }
    },
    "node_modules/supports-color": {
      "version": "8.1.1",
      "resolved": "https://registry.npmjs.org/supports-color/-/supports-color-8.1.1.tgz",
      "integrity": "sha512-MpUEN2OodtUzxvKQl72cUF7RQ5EiHsGvSsVG0ia9c5RbWGL2CI4C7EpPS8UTBIplnlzZiNuV56w+FuNxy3ty2Q==",
      "license": "MIT",
      "dependencies": {
        "has-flag": "^4.0.0"
      },
      "engines": {
        "node": ">=10"
      },
      "funding": {
        "url": "https://github.com/chalk/supports-color?sponsor=1"
      }
    },
    "node_modules/tslib": {
      "version": "2.8.1",
      "resolved": "https://registry.npmjs.org/tslib/-/tslib-2.8.1.tgz",
      "integrity": "sha512-oJFu94HQb+KVduSUQL7wnpmqnfmLsOA/nAh6b6EH0wCEoK0/mPeXU6c3wKDV83MkOuHPRHtSXKKU99IBazS/2w==",
      "license": "0BSD"
    },
    "node_modules/y-protocols": {
      "version": "1.0.7",
      "resolved": "https://registry.npmjs.org/y-protocols/-/y-protocols-1.0.7.tgz",
      "integrity": "sha512-YSVsLoXxO67J6eE/nV4AtFtT3QEotZf5sK5BHxFBXso7VDUT3Tx07IfA6hsu5Q5OmBdMkQVmFZ9QOA7fikWvnw==",
      "license": "MIT",
      "peer": true,
      "dependencies": {
        "lib0": "^0.2.85"
      },
      "engines": {
        "node": ">=16.0.0",
        "npm": ">=8.0.0"
      },
      "funding": {
        "type": "GitHub Sponsors ❤",
        "url": "https://github.com/sponsors/dmonad"
      },
      "peerDependencies": {
        "yjs": "^13.0.0"
      }
    },
    "node_modules/yjs": {
      "version": "13.6.29",
      "resolved": "https://registry.npmjs.org/yjs/-/yjs-13.6.29.tgz",
      "integrity": "sha512-kHqDPdltoXH+X4w1lVmMtddE3Oeqq48nM40FD5ojTd8xYhQpzIDcfE2keMSU5bAgRPJBe225WTUdyUgj1DtbiQ==",
      "license": "MIT",
      "peer": true,
      "dependencies": {
        "lib0": "^0.2.99"
      },
      "engines": {
        "node": ">=16.0.0",
        "npm": ">=8.0.0"
      },
      "funding": {
        "type": "GitHub Sponsors ❤",
        "url": "https://github.com/sponsors/dmonad"
      }
    }
  }
}
