{
  "name": "loomio-hocuspocus",
  "version": "1.0.0",
  "lockfileVersion": 3,
  "requires": true,
  "packages": {
    "": {
      "name": "loomio-hocuspocus",
      "version": "1.0.0",
      "dependencies": {
        "@hocuspocus/server": "^4.3.0",
        "@sentry/node": "^10.63.0"
      }
    },
    "node_modules/@apm-js-collab/code-transformer": {
      "version": "0.15.0",
      "resolved": "https://registry.npmjs.org/@apm-js-collab/code-transformer/-/code-transformer-0.15.0.tgz",
      "integrity": "sha512-XmXYVs8CzJ1Aj79noVbn2weUO/XWtRyURpGqx7aU7DOXlUQhR0WKOQNF0okh7PCeY37vxf7kU3v57OAkEPm3ww==",
      "license": "Apache-2.0",
      "dependencies": {
        "@types/estree": "^1.0.8",
        "astring": "^1.9.0",
        "esquery": "^1.7.0",
        "meriyah": "^6.1.4",
        "semifies": "^1.0.0",
        "source-map": "^0.6.0"
      },
      "bin": {
        "code-transformer": "cli.js"
      }
    },
    "node_modules/@apm-js-collab/code-transformer-bundler-plugins": {
      "version": "0.5.0",
      "resolved": "https://registry.npmjs.org/@apm-js-collab/code-transformer-bundler-plugins/-/code-transformer-bundler-plugins-0.5.0.tgz",
      "integrity": "sha512-YxLBY5nGlurL7QeJLq6e5g0ouBpAp0pwgyA/5rHXEXwhiPLn9ZHbT+Y2LlP90GT872cSocfjWRYu/fnpuBudNQ==",
      "license": "MIT",
      "dependencies": {
        "@apm-js-collab/code-transformer": "^0.15.0",
        "es-module-lexer": "^2.1.0",
        "magic-string": "^0.30.21",
        "module-details-from-path": "^1.0.4"
      },
      "engines": {
        "node": ">=18.0.0"
      }
    },
    "node_modules/@apm-js-collab/tracing-hooks": {
      "version": "0.10.1",
      "resolved": "https://registry.npmjs.org/@apm-js-collab/tracing-hooks/-/tracing-hooks-0.10.1.tgz",
      "integrity": "sha512-w2OWXR7FWrKqSziuE9+QclaZrStxO/8+OwbXM635s/zs0Eez1Qo3ivSPdB2WsaPY/iznKTytONPx/PitD7IXcA==",
      "license": "Apache-2.0",
      "dependencies": {
        "@apm-js-collab/code-transformer": "^0.15.0",
        "debug": "^4.4.1",
        "module-details-from-path": "^1.0.4"
      }
    },
    "node_modules/@hocuspocus/common": {
      "version": "4.3.0",
      "resolved": "https://registry.npmjs.org/@hocuspocus/common/-/common-4.3.0.tgz",
      "integrity": "sha512-8USsMvso01aMKOSSyvb8oTAlfES/nBM+Y74XjW5Fy5ovmOaVpoRRBrktIrEVwydrp8Cr6C66ivc0orcW/3P+Kg==",
      "license": "MIT",
      "dependencies": {
        "lib0": "^0.2.87"
      }
    },
    "node_modules/@hocuspocus/server": {
      "version": "4.3.0",
      "resolved": "https://registry.npmjs.org/@hocuspocus/server/-/server-4.3.0.tgz",
      "integrity": "sha512-GX9ohUJAr6aIa2ewS0EPeyf3w12wLCBBSGfc76ZMOuZJZPUzDH6BJWFjkVlaVW3OmwZ5+jxdXXFUf6sAi4EIrg==",
      "license": "MIT",
      "dependencies": {
        "@hocuspocus/common": "^4.3.0",
        "async-mutex": "^0.5.0",
        "crossws": "^0.4.4",
        "kleur": "^4.1.4",
        "lib0": "^0.2.47"
      },
      "engines": {
        "node": ">=22"
      },
      "peerDependencies": {
        "y-protocols": "^1.0.6",
        "yjs": "^13.6.8"
      }
    },
    "node_modules/@jridgewell/sourcemap-codec": {
      "version": "1.5.5",
      "resolved": "https://registry.npmjs.org/@jridgewell/sourcemap-codec/-/sourcemap-codec-1.5.5.tgz",
      "integrity": "sha512-cYQ9310grqxueWbl+WuIUIaiUaDcj7WOq5fVhEljNVgRfOUhY9fy2zTvfoqWsnebh8Sl70VScFbICvJnLKB0Og==",
      "license": "MIT"
    },
    "node_modules/@opentelemetry/api": {
      "version": "1.9.1",
      "resolved": "https://registry.npmjs.org/@opentelemetry/api/-/api-1.9.1.tgz",
      "integrity": "sha512-gLyJlPHPZYdAk1JENA9LeHejZe1Ti77/pTeFm/nMXmQH/HFZlcS/O2XJB+L8fkbrNSqhdtlvjBVjxwUYanNH5Q==",
      "license": "Apache-2.0",
      "engines": {
        "node": ">=8.0.0"
      }
    },
    "node_modules/@opentelemetry/api-logs": {
      "version": "0.214.0",
      "resolved": "https://registry.npmjs.org/@opentelemetry/api-logs/-/api-logs-0.214.0.tgz",
      "integrity": "sha512-40lSJeqYO8Uz2Yj7u94/SJWE/wONa7rmMKjI1ZcIjgf3MHNHv1OZUCrCETGuaRF62d5pQD1wKIW+L4lmSMTzZA==",
      "license": "Apache-2.0",
      "dependencies": {
        "@opentelemetry/api": "^1.3.0"
      },
      "engines": {
        "node": ">=8.0.0"
      }
    },
    "node_modules/@opentelemetry/core": {
      "version": "2.8.0",
      "resolved": "https://registry.npmjs.org/@opentelemetry/core/-/core-2.8.0.tgz",
      "integrity": "sha512-hd1Lfh8p545nNz+jq1Ejfz+Mn1hyLuxYn1YzTfFNrxr8urEWMNQLPf1Th8kjOH+HxwawCrtgBp8JpBUR4ZSgww==",
      "license": "Apache-2.0",
      "dependencies": {
        "@opentelemetry/semantic-conventions": "^1.29.0"
      },
      "engines": {
        "node": "^18.19.0 || >=20.6.0"
      },
      "peerDependencies": {
        "@opentelemetry/api": ">=1.0.0 <1.10.0"
      }
    },
    "node_modules/@opentelemetry/instrumentation": {
      "version": "0.214.0",
      "resolved": "https://registry.npmjs.org/@opentelemetry/instrumentation/-/instrumentation-0.214.0.tgz",
      "integrity": "sha512-MHqEX5Dk59cqVah5LiARMACku7jXSVk9iVDWOea4x3cr7VfdByeDCURK6o1lntT1JS/Tsovw01UJrBhN3/uC5w==",
      "license": "Apache-2.0",
      "dependencies": {
        "@opentelemetry/api-logs": "0.214.0",
        "import-in-the-middle": "^3.0.0",
        "require-in-the-middle": "^8.0.0"
      },
      "engines": {
        "node": "^18.19.0 || >=20.6.0"
      },
      "peerDependencies": {
        "@opentelemetry/api": "^1.3.0"
      }
    },
    "node_modules/@opentelemetry/resources": {
      "version": "2.8.0",
      "resolved": "https://registry.npmjs.org/@opentelemetry/resources/-/resources-2.8.0.tgz",
      "integrity": "sha512-qmXQ27ilDbUK/vGMqwL8D4/rhn76C+sherM4wTbjlfknR8Nvfc/hCxjRJPhkzZzUsPiNg16SA31NxMabwttRjg==",
      "license": "Apache-2.0",
      "dependencies": {
        "@opentelemetry/core": "2.8.0",
        "@opentelemetry/semantic-conventions": "^1.29.0"
      },
      "engines": {
        "node": "^18.19.0 || >=20.6.0"
      },
      "peerDependencies": {
        "@opentelemetry/api": ">=1.3.0 <1.10.0"
      }
    },
    "node_modules/@opentelemetry/sdk-trace-base": {
      "version": "2.8.0",
      "resolved": "https://registry.npmjs.org/@opentelemetry/sdk-trace-base/-/sdk-trace-base-2.8.0.tgz",
      "integrity": "sha512-mhU4jp+vW0mGbFRd+GeXHvmfA4aDqWjBjLC3pE5XMpLs0IE2ryYb019Ts2AQrOq67gaTF25D91+fgvEHDZEnuQ==",
      "license": "Apache-2.0",
      "dependencies": {
        "@opentelemetry/core": "2.8.0",
        "@opentelemetry/resources": "2.8.0",
        "@opentelemetry/semantic-conventions": "^1.29.0"
      },
      "engines": {
        "node": "^18.19.0 || >=20.6.0"
      },
      "peerDependencies": {
        "@opentelemetry/api": ">=1.3.0 <1.10.0"
      }
    },
    "node_modules/@opentelemetry/semantic-conventions": {
      "version": "1.41.1",
      "resolved": "https://registry.npmjs.org/@opentelemetry/semantic-conventions/-/semantic-conventions-1.41.1.tgz",
      "integrity": "sha512-/UhIkaZgPutTFmQ7RnIJGgDXZmtEJ7Dvi86xNTFWcnRxVRNk/aotsqDJYeEvDP+FSMB2SdW+pQzNMcWP0rwuNA==",
      "license": "Apache-2.0",
      "engines": {
        "node": ">=14"
      }
    },
    "node_modules/@sentry/conventions": {
      "version": "0.12.0",
      "resolved": "https://registry.npmjs.org/@sentry/conventions/-/conventions-0.12.0.tgz",
      "integrity": "sha512-z1JQrl/1SLY+8wpzvork6vl+fpsg/oCCxM7HWWhUnI/R+OGNyoIzieQuggX3uUMY7NBtp8UWCQx6FeFazzOF9g==",
      "license": "MIT",
      "engines": {
        "node": ">=14"
      }
    },
    "node_modules/@sentry/node": {
      "version": "10.63.0",
      "resolved": "https://registry.npmjs.org/@sentry/node/-/node-10.63.0.tgz",
      "integrity": "sha512-E+JfDTdUDGQPRsAfCTR2YgmQgxYdoxk4ks6niHN+ByW8alEZL+nXlcN9vI57qj1LsS4v2jjfLxJf1/cMMt84YA==",
      "license": "MIT",
      "dependencies": {
        "@opentelemetry/api": "^1.9.1",
        "@opentelemetry/instrumentation": "^0.214.0",
        "@opentelemetry/sdk-trace-base": "^2.6.1",
        "@opentelemetry/semantic-conventions": "^1.40.0",
        "@sentry/conventions": "^0.12.0",
        "@sentry/core": "10.63.0",
        "@sentry/node-core": "10.63.0",
        "@sentry/opentelemetry": "10.63.0",
        "@sentry/server-utils": "10.63.0",
        "import-in-the-middle": "^3.0.0"
      },
      "engines": {
        "node": ">=18"
      }
    },
    "node_modules/@sentry/node-core": {
      "version": "10.63.0",
      "resolved": "https://registry.npmjs.org/@sentry/node-core/-/node-core-10.63.0.tgz",
      "integrity": "sha512-TaNtkGDRNxH3SjOea2PDtaebkNjMbAH8ZFsEcwlqmadpS7nqSR7z6slZy/iu7y1nLiUdbmcM5JmXwxksy52WRQ==",
      "license": "MIT",
      "dependencies": {
        "@sentry/conventions": "^0.12.0",
        "@sentry/core": "10.63.0",
        "@sentry/opentelemetry": "10.63.0",
        "import-in-the-middle": "^3.0.0"
      },
      "engines": {
        "node": ">=18"
      },
      "peerDependencies": {
        "@opentelemetry/api": "^1.9.0",
        "@opentelemetry/core": "^1.30.1 || ^2.1.0",
        "@opentelemetry/exporter-trace-otlp-http": ">=0.57.0 <1",
        "@opentelemetry/instrumentation": ">=0.57.1 <1",
        "@opentelemetry/sdk-trace-base": "^1.30.1 || ^2.1.0"
      },
      "peerDependenciesMeta": {
        "@opentelemetry/api": {
          "optional": true
        },
        "@opentelemetry/core": {
          "optional": true
        },
        "@opentelemetry/exporter-trace-otlp-http": {
          "optional": true
        },
        "@opentelemetry/instrumentation": {
          "optional": true
        },
        "@opentelemetry/sdk-trace-base": {
          "optional": true
        }
      }
    },
    "node_modules/@sentry/node-core/node_modules/@sentry/core": {
      "version": "10.63.0",
      "resolved": "https://registry.npmjs.org/@sentry/core/-/core-10.63.0.tgz",
      "integrity": "sha512-OtUbsrnbEHffOF2S2+M5zXa3HIM0U2b4CDVLKMY1dgS0J3ivRF8XvkjvyIcEG/y8JXnwXbnprLyjhG+AqMdUZQ==",
      "license": "MIT",
      "engines": {
        "node": ">=18"
      }
    },
    "node_modules/@sentry/node/node_modules/@sentry/core": {
      "version": "10.63.0",
      "resolved": "https://registry.npmjs.org/@sentry/core/-/core-10.63.0.tgz",
      "integrity": "sha512-OtUbsrnbEHffOF2S2+M5zXa3HIM0U2b4CDVLKMY1dgS0J3ivRF8XvkjvyIcEG/y8JXnwXbnprLyjhG+AqMdUZQ==",
      "license": "MIT",
      "engines": {
        "node": ">=18"
      }
    },
    "node_modules/@sentry/opentelemetry": {
      "version": "10.63.0",
      "resolved": "https://registry.npmjs.org/@sentry/opentelemetry/-/opentelemetry-10.63.0.tgz",
      "integrity": "sha512-8yqi8+Ej/anmMn82blXA0BNMeAMs4av6nx0DzhxDrFya28ZaYOn19PChd3erMidfU0HnLLFNqWiFlYxBKq+/KA==",
      "license": "MIT",
      "dependencies": {
        "@sentry/conventions": "^0.12.0",
        "@sentry/core": "10.63.0"
      },
      "engines": {
        "node": ">=18"
      },
      "peerDependencies": {
        "@opentelemetry/api": "^1.9.0",
        "@opentelemetry/core": "^1.30.1 || ^2.1.0",
        "@opentelemetry/sdk-trace-base": "^1.30.1 || ^2.1.0"
      }
    },
    "node_modules/@sentry/opentelemetry/node_modules/@sentry/core": {
      "version": "10.63.0",
      "resolved": "https://registry.npmjs.org/@sentry/core/-/core-10.63.0.tgz",
      "integrity": "sha512-OtUbsrnbEHffOF2S2+M5zXa3HIM0U2b4CDVLKMY1dgS0J3ivRF8XvkjvyIcEG/y8JXnwXbnprLyjhG+AqMdUZQ==",
      "license": "MIT",
      "engines": {
        "node": ">=18"
      }
    },
    "node_modules/@sentry/server-utils": {
      "version": "10.63.0",
      "resolved": "https://registry.npmjs.org/@sentry/server-utils/-/server-utils-10.63.0.tgz",
      "integrity": "sha512-7NN//DG9Yak8t2+6WiEcNmN269iHRVdtZtZIwucEd0OXyZ3FEBBDaBF+bT9V6H/kPtUvVMkHQ72Bn2Xs5JYGxg==",
      "license": "MIT",
      "dependencies": {
        "@apm-js-collab/code-transformer": "^0.15.0",
        "@apm-js-collab/code-transformer-bundler-plugins": "^0.5.0",
        "@apm-js-collab/tracing-hooks": "^0.10.0",
        "@sentry/conventions": "^0.12.0",
        "@sentry/core": "10.63.0",
        "magic-string": "~0.30.0"
      },
      "engines": {
        "node": ">=18"
      }
    },
    "node_modules/@sentry/server-utils/node_modules/@sentry/core": {
      "version": "10.63.0",
      "resolved": "https://registry.npmjs.org/@sentry/core/-/core-10.63.0.tgz",
      "integrity": "sha512-OtUbsrnbEHffOF2S2+M5zXa3HIM0U2b4CDVLKMY1dgS0J3ivRF8XvkjvyIcEG/y8JXnwXbnprLyjhG+AqMdUZQ==",
      "license": "MIT",
      "engines": {
        "node": ">=18"
      }
    },
    "node_modules/@types/estree": {
      "version": "1.0.9",
      "resolved": "https://registry.npmjs.org/@types/estree/-/estree-1.0.9.tgz",
      "integrity": "sha512-GhdPgy1el4/ImP05X05Uw4cw2/M93BCUmnEvWZNStlCzEKME4Fkk+YpoA5OiHNQmoS7Cafb8Xa3Pya8m1Qrzeg==",
      "license": "MIT"
    },
    "node_modules/acorn": {
      "version": "8.17.0",
      "resolved": "https://registry.npmjs.org/acorn/-/acorn-8.17.0.tgz",
      "integrity": "sha512-xRQbDb9BnwDafYNn6Vwl839DYVjqXYb1XVGtWAZ1kcDc6iwAL4hg3B1dZlRiuENFeO2H53gFG3in621AdERVAg==",
      "license": "MIT",
      "bin": {
        "acorn": "bin/acorn"
      },
      "engines": {
        "node": ">=0.4.0"
      }
    },
    "node_modules/acorn-import-attributes": {
      "version": "1.9.5",
      "resolved": "https://registry.npmjs.org/acorn-import-attributes/-/acorn-import-attributes-1.9.5.tgz",
      "integrity": "sha512-n02Vykv5uA3eHGM/Z2dQrcD56kL8TyDb2p1+0P83PClMnC/nc+anbQRhIOWnSq4Ke/KvDPrY3C9hDtC/A3eHnQ==",
      "license": "MIT",
      "peerDependencies": {
        "acorn": "^8"
      }
    },
    "node_modules/astring": {
      "version": "1.9.0",
      "resolved": "https://registry.npmjs.org/astring/-/astring-1.9.0.tgz",
      "integrity": "sha512-LElXdjswlqjWrPpJFg1Fx4wpkOCxj1TDHlSV4PlaRxHGWko024xICaa97ZkMfs6DRKlCguiAI+rbXv5GWwXIkg==",
      "license": "MIT",
      "bin": {
        "astring": "bin/astring"
      }
    },
    "node_modules/async-mutex": {
      "version": "0.5.0",
      "resolved": "https://registry.npmjs.org/async-mutex/-/async-mutex-0.5.0.tgz",
      "integrity": "sha512-1A94B18jkJ3DYq284ohPxoXbfTA5HsQ7/Mf4DEhcyLx3Bz27Rh59iScbB6EPiP+B+joue6YCxcMXSbFC1tZKwA==",
      "license": "MIT",
      "dependencies": {
        "tslib": "^2.4.0"
      }
    },
    "node_modules/cjs-module-lexer": {
      "version": "2.2.0",
      "resolved": "https://registry.npmjs.org/cjs-module-lexer/-/cjs-module-lexer-2.2.0.tgz",
      "integrity": "sha512-4bHTS2YuzUvtoLjdy+98ykbNB5jS0+07EvFNXerqZQJ89F7DI6ET7OQo/HJuW6K0aVsKA9hj9/RVb2kQVOrPDQ==",
      "license": "MIT"
    },
    "node_modules/crossws": {
      "version": "0.4.6",
      "resolved": "https://registry.npmjs.org/crossws/-/crossws-0.4.6.tgz",
      "integrity": "sha512-/Wxe9Z007EbJ496j88nToZEvyPZ8PY/wjZJ18Agh/GCA9cYHyLbxtrpdFlFzAw3TV20F0SUYGl0g6PzChbwUrg==",
      "license": "MIT",
      "peerDependencies": {
        "srvx": ">=0.11.5"
      },
      "peerDependenciesMeta": {
        "srvx": {
          "optional": true
        }
      }
    },
    "node_modules/debug": {
      "version": "4.4.3",
      "resolved": "https://registry.npmjs.org/debug/-/debug-4.4.3.tgz",
      "integrity": "sha512-RGwwWnwQvkVfavKVt22FGLw+xYSdzARwm0ru6DhTVA3umU5hZc28V3kO4stgYryrTlLpuvgI9GiijltAjNbcqA==",
      "license": "MIT",
      "dependencies": {
        "ms": "^2.1.3"
      },
      "engines": {
        "node": ">=6.0"
      },
      "peerDependenciesMeta": {
        "supports-color": {
          "optional": true
        }
      }
    },
    "node_modules/es-module-lexer": {
      "version": "2.2.0",
      "resolved": "https://registry.npmjs.org/es-module-lexer/-/es-module-lexer-2.2.0.tgz",
      "integrity": "sha512-3lGxdTXCLfe1MYfTz1y2ksAAUM4NAOP6rPEjxGJVKO7TZ5+tvHCaQWGpC4Y3IXvW3ece0Cz1cIP4FWBxOnGCTQ==",
      "license": "MIT"
    },
    "node_modules/esquery": {
      "version": "1.7.0",
      "resolved": "https://registry.npmjs.org/esquery/-/esquery-1.7.0.tgz",
      "integrity": "sha512-Ap6G0WQwcU/LHsvLwON1fAQX9Zp0A2Y6Y/cJBl9r/JbW90Zyg4/zbG6zzKa2OTALELarYHmKu0GhpM5EO+7T0g==",
      "license": "BSD-3-Clause",
      "dependencies": {
        "estraverse": "^5.1.0"
      },
      "engines": {
        "node": ">=0.10"
      }
    },
    "node_modules/estraverse": {
      "version": "5.3.0",
      "resolved": "https://registry.npmjs.org/estraverse/-/estraverse-5.3.0.tgz",
      "integrity": "sha512-MMdARuVEQziNTeJD8DgMqmhwR11BRQ/cBP+pLtYdSTnf3MIO8fFeiINEbX36ZdNlfU/7A9f3gUw49B3oQsvwBA==",
      "license": "BSD-2-Clause",
      "engines": {
        "node": ">=4.0"
      }
    },
    "node_modules/import-in-the-middle": {
      "version": "3.2.0",
      "resolved": "https://registry.npmjs.org/import-in-the-middle/-/import-in-the-middle-3.2.0.tgz",
      "integrity": "sha512-vR2B6HKIhaBjcZr2bLpFiJ1VbzOlRQ7aby4/gw5WPIzToLjqpfWw3VJ4sk1uDchoOODEirvO2jyrSPtUSL5CrQ==",
      "license": "Apache-2.0",
      "dependencies": {
        "acorn": "^8.15.0",
        "acorn-import-attributes": "^1.9.5",
        "cjs-module-lexer": "^2.2.0",
        "module-details-from-path": "^1.0.4"
      },
      "engines": {
        "node": ">=18"
      }
    },
    "node_modules/isomorphic.js": {
      "version": "0.2.5",
      "resolved": "https://registry.npmjs.org/isomorphic.js/-/isomorphic.js-0.2.5.tgz",
      "integrity": "sha512-PIeMbHqMt4DnUP3MA/Flc0HElYjMXArsw1qwJZcm9sqR8mq3l8NYizFMty0pWwE/tzIGH3EKK5+jes5mAr85yw==",
      "license": "MIT",
      "funding": {
        "type": "GitHub Sponsors ❤",
        "url": "https://github.com/sponsors/dmonad"
      }
    },
    "node_modules/kleur": {
      "version": "4.1.5",
      "resolved": "https://registry.npmjs.org/kleur/-/kleur-4.1.5.tgz",
      "integrity": "sha512-o+NO+8WrRiQEE4/7nwRJhN1HWpVmJm511pBHUxPLtp0BUISzlBplORYSmTclCnJvQq2tKu/sgl3xVpkc7ZWuQQ==",
      "license": "MIT",
      "engines": {
        "node": ">=6"
      }
    },
    "node_modules/lib0": {
      "version": "0.2.117",
      "resolved": "https://registry.npmjs.org/lib0/-/lib0-0.2.117.tgz",
      "integrity": "sha512-DeXj9X5xDCjgKLU/7RR+/HQEVzuuEUiwldwOGsHK/sfAfELGWEyTcf0x+uOvCvK3O2zPmZePXWL85vtia6GyZw==",
      "license": "MIT",
      "dependencies": {
        "isomorphic.js": "^0.2.4"
      },
      "bin": {
        "0ecdsa-generate-keypair": "bin/0ecdsa-generate-keypair.js",
        "0gentesthtml": "bin/gentesthtml.js",
        "0serve": "bin/0serve.js"
      },
      "engines": {
        "node": ">=16"
      },
      "funding": {
        "type": "GitHub Sponsors ❤",
        "url": "https://github.com/sponsors/dmonad"
      }
    },
    "node_modules/magic-string": {
      "version": "0.30.21",
      "resolved": "https://registry.npmjs.org/magic-string/-/magic-string-0.30.21.tgz",
      "integrity": "sha512-vd2F4YUyEXKGcLHoq+TEyCjxueSeHnFxyyjNp80yg0XV4vUhnDer/lvvlqM/arB5bXQN5K2/3oinyCRyx8T2CQ==",
      "license": "MIT",
      "dependencies": {
        "@jridgewell/sourcemap-codec": "^1.5.5"
      }
    },
    "node_modules/meriyah": {
      "version": "6.1.4",
      "resolved": "https://registry.npmjs.org/meriyah/-/meriyah-6.1.4.tgz",
      "integrity": "sha512-Sz8FzjzI0kN13GK/6MVEsVzMZEPvOhnmmI1lU5+/1cGOiK3QUahntrNNtdVeihrO7t9JpoH75iMNXg6R6uWflQ==",
      "license": "ISC",
      "engines": {
        "node": ">=18.0.0"
      }
    },
    "node_modules/module-details-from-path": {
      "version": "1.0.4",
      "resolved": "https://registry.npmjs.org/module-details-from-path/-/module-details-from-path-1.0.4.tgz",
      "integrity": "sha512-EGWKgxALGMgzvxYF1UyGTy0HXX/2vHLkw6+NvDKW2jypWbHpjQuj4UMcqQWXHERJhVGKikolT06G3bcKe4fi7w==",
      "license": "MIT"
    },
    "node_modules/ms": {
      "version": "2.1.3",
      "resolved": "https://registry.npmjs.org/ms/-/ms-2.1.3.tgz",
      "integrity": "sha512-6FlzubTLZG3J2a/NVCAleEhjzq5oxgHyaCU9yYXvcLsvoVaHJq/s5xXI6/XXP6tz7R9xAOtHnSO/tXtF3WRTlA==",
      "license": "MIT"
    },
    "node_modules/require-in-the-middle": {
      "version": "8.0.1",
      "resolved": "https://registry.npmjs.org/require-in-the-middle/-/require-in-the-middle-8.0.1.tgz",
      "integrity": "sha512-QT7FVMXfWOYFbeRBF6nu+I6tr2Tf3u0q8RIEjNob/heKY/nh7drD/k7eeMFmSQgnTtCzLDcCu/XEnpW2wk4xCQ==",
      "license": "MIT",
      "dependencies": {
        "debug": "^4.3.5",
        "module-details-from-path": "^1.0.3"
      },
      "engines": {
        "node": ">=9.3.0 || >=8.10.0 <9.0.0"
      }
    },
    "node_modules/semifies": {
      "version": "1.0.0",
      "resolved": "https://registry.npmjs.org/semifies/-/semifies-1.0.0.tgz",
      "integrity": "sha512-xXR3KGeoxTNWPD4aBvL5NUpMTT7WMANr3EWnaS190QVkY52lqqcVRD7Q05UVbBhiWDGWMlJEUam9m7uFFGVScw==",
      "license": "Apache-2.0"
    },
    "node_modules/source-map": {
      "version": "0.6.1",
      "resolved": "https://registry.npmjs.org/source-map/-/source-map-0.6.1.tgz",
      "integrity": "sha512-UjgapumWlbMhkBgzT7Ykc5YXUT46F0iKu8SGXq0bcwP5dz/h0Plj6enJqjz1Zbq2l5WaqYnrVbwWOWMyF3F47g==",
      "license": "BSD-3-Clause",
      "engines": {
        "node": ">=0.10.0"
      }
    },
    "node_modules/tslib": {
      "version": "2.8.1",
      "resolved": "https://registry.npmjs.org/tslib/-/tslib-2.8.1.tgz",
      "integrity": "sha512-oJFu94HQb+KVduSUQL7wnpmqnfmLsOA/nAh6b6EH0wCEoK0/mPeXU6c3wKDV83MkOuHPRHtSXKKU99IBazS/2w==",
      "license": "0BSD"
    },
    "node_modules/y-protocols": {
      "version": "1.0.7",
      "resolved": "https://registry.npmjs.org/y-protocols/-/y-protocols-1.0.7.tgz",
      "integrity": "sha512-YSVsLoXxO67J6eE/nV4AtFtT3QEotZf5sK5BHxFBXso7VDUT3Tx07IfA6hsu5Q5OmBdMkQVmFZ9QOA7fikWvnw==",
      "license": "MIT",
      "peer": true,
      "dependencies": {
        "lib0": "^0.2.85"
      },
      "engines": {
        "node": ">=16.0.0",
        "npm": ">=8.0.0"
      },
      "funding": {
        "type": "GitHub Sponsors ❤",
        "url": "https://github.com/sponsors/dmonad"
      },
      "peerDependencies": {
        "yjs": "^13.0.0"
      }
    },
    "node_modules/yjs": {
      "version": "13.6.29",
      "resolved": "https://registry.npmjs.org/yjs/-/yjs-13.6.29.tgz",
      "integrity": "sha512-kHqDPdltoXH+X4w1lVmMtddE3Oeqq48nM40FD5ojTd8xYhQpzIDcfE2keMSU5bAgRPJBe225WTUdyUgj1DtbiQ==",
      "license": "MIT",
      "peer": true,
      "dependencies": {
        "lib0": "^0.2.99"
      },
      "engines": {
        "node": ">=16.0.0",
        "npm": ">=8.0.0"
      },
      "funding": {
        "type": "GitHub Sponsors ❤",
        "url": "https://github.com/sponsors/dmonad"
      }
    }
  }
}
